
Microsoft Visual Studio Solution File, Format Version 11.00
# Visual Studio 2010
Project("{FAE04EC0-301F-11D3-BF4B-00C04F79EFBC}") = "SocialPayments.Domain", "SocialPayments.Domain\SocialPayments.Domain.csproj", "{4D636F08-1EB0-4922-A74F-FC7C5EE4F3DA}"
EndProject
Project("{FAE04EC0-301F-11D3-BF4B-00C04F79EFBC}") = "SocialPayments.DataLayer", "SocialPayments.DataLayer\SocialPayments.DataLayer.csproj", "{A06817CB-EF0F-49B3-B6ED-879EA399590A}"
EndProject
Project("{FAE04EC0-301F-11D3-BF4B-00C04F79EFBC}") = "SocialPayments.DomainServices", "SocialPayments.DomainServices\SocialPayments.DomainServices.csproj", "{B8F91D46-468B-4E47-9BA3-7026ED7F9C3E}"
EndProject
Project("{FAE04EC0-301F-11D3-BF4B-00C04F79EFBC}") = "SocialPayments.Services", "SocialPayments.Services\SocialPayments.Services.csproj", "{4BE0F197-E35E-4364-99D3-56CFD4CA9212}"
EndProject
Project("{FAE04EC0-301F-11D3-BF4B-00C04F79EFBC}") = "SocialPayments.WorkflowServices.Payments", "SocialPayments.WorkflowsServices.Payments\SocialPayments.WorkflowServices.Payments.csproj", "{9FE091DA-7C42-4645-837C-40C2B03282CE}"
EndProject
Project("{FAE04EC0-301F-11D3-BF4B-00C04F79EFBC}") = "SocialPayments.Jobs.CreateNachaFileJob", "SocialPayments.BatchFileServices.NachaBatchFile\SocialPayments.Jobs.CreateNachaFileJob.csproj", "{A68BDEEB-0AA5-4A44-8662-11371C4D36E3}"
EndProject
Project("{FAE04EC0-301F-11D3-BF4B-00C04F79EFBC}") = "SocialPayments.WorkflowServices.Users", "SocialPayments.WorkflowServices.Users\SocialPayments.WorkflowServices.Users.csproj", "{446DD79B-1CB5-46A4-BCF0-3CF1CE83498D}"
EndProject
Project("{FAE04EC0-301F-11D3-BF4B-00C04F79EFBC}") = "SocialPayments.WindowsServices.NachaBatchScheduler", "SocialPayments.WindowsServices.NachaBatchScheduler\SocialPayments.WindowsServices.NachaBatchScheduler.csproj", "{4F193BBA-F1D4-426B-9C29-6B1D6529E8AE}"
EndProject
Project("{54435603-DBB4-11D2-8724-00A0C9A8B90C}") = "SocialPayments.Installers.NachaBatchFileService", "SocialPayments.Installers.NachaBatchFileService\SocialPayments.Installers.NachaBatchFileService.vdproj", "{B60C949D-332D-47A7-9C70-06D752605D9B}"
EndProject
Project("{FAE04EC0-301F-11D3-BF4B-00C04F79EFBC}") = "SocialPayments.WorkflowServices.BatchFiles", "SocialPayments.WorkflowServices.BatchFiles\SocialPayments.WorkflowServices.BatchFiles.csproj", "{4D6CFB79-81B1-40D7-AE0F-443EB9BCD4A1}"
EndProject
Project("{FAE04EC0-301F-11D3-BF4B-00C04F79EFBC}") = "SocialPayments.Test", "SocialPayments.Test\SocialPayments.Test.csproj", "{577EEA6E-A343-4DF1-95F3-CA862A7F4CF9}"
EndProject
Project("{FAE04EC0-301F-11D3-BF4B-00C04F79EFBC}") = "SocialPayments.Workflows.Payments", "SocialPayments.Workflows.Payments\SocialPayments.Workflows.Payments.csproj", "{0074DB88-E270-462F-A473-303482E24B60}"
EndProject
Project("{FAE04EC0-301F-11D3-BF4B-00C04F79EFBC}") = "SocialPayments.Web", "SocialPayments.Web\SocialPayments.Web.csproj", "{F24B221A-3621-4048-9C16-F080739636E0}"
EndProject
Project("{FAE04EC0-301F-11D3-BF4B-00C04F79EFBC}") = "SocialPayments.Web.Admin", "SocialPayments.Web.Admin\SocialPayments.Web.Admin.csproj", "{4F6364B8-534D-4598-95A5-43ADD8DB9BCD}"
EndProject
Project("{FAE04EC0-301F-11D3-BF4B-00C04F79EFBC}") = "SocialPayments.Web.Admin.Tests", "SocialPayments.Web.Admin.Tests\SocialPayments.Web.Admin.Tests.csproj", "{B3376118-8ED7-4EA7-9A6C-FD7BA324259D}"
EndProject
Project("{FAE04EC0-301F-11D3-BF4B-00C04F79EFBC}") = "SocialPayments.UI.Controls", "SocialPayments.UI.Controls\SocialPayments.UI.Controls.csproj", "{DF435856-BFEE-4A5A-8D76-F2E611969944}"
EndProject
Project("{FAE04EC0-301F-11D3-BF4B-00C04F79EFBC}") = "SocialPayments.Providers", "SocialPayments.Providers\SocialPayments.Providers.csproj", "{86E68734-1E7C-4A3C-94FF-61951A5DF68A}"
EndProject
Project("{FAE04EC0-301F-11D3-BF4B-00C04F79EFBC}") = "SocialPayments.ThirdPartyServices.FedACHService", "SocialPayments.ThirdPartyServices.FedACHService\SocialPayments.ThirdPartyServices.FedACHService.csproj", "{77F37AEC-FB67-41D3-9627-FA647BBD550F}"
EndProject
Project("{FAE04EC0-301F-11D3-BF4B-00C04F79EFBC}") = "SocialPayments.Jobs.ProcessOpenPaymentsJob", "SocialPayments.Jobs.ProcessOpenPaymentsJob\SocialPayments.Jobs.ProcessOpenPaymentsJob.csproj", "{EE33A959-DEAB-4427-B787-7DAC314A9653}"
EndProject
Project("{FAE04EC0-301F-11D3-BF4B-00C04F79EFBC}") = "SocialPayments.WindowsServices.OpenPaymentsScheduler", "SocialPayments.WindowsServices.OpenPaymentsScheduler\SocialPayments.WindowsServices.OpenPaymentsScheduler.csproj", "{E278ABE8-38DD-429A-A9DD-034B37BA4BEC}"
EndProject
Project("{54435603-DBB4-11D2-8724-00A0C9A8B90C}") = "SocialPayments.Installers.OpenPaymentsService", "SocialPayments.Installers.OpenPaymentsService\SocialPayments.Installers.OpenPaymentsService.vdproj", "{E320FCE4-6D4A-4923-A00F-3ADF3DB676B4}"
EndProject
Project("{FAE04EC0-301F-11D3-BF4B-00C04F79EFBC}") = "SocialPayments.Workflows.Users", "SocialPayments.Workflows.Users\SocialPayments.Workflows.Users.csproj", "{7448AEBC-185F-467D-BF79-AC6A7AE3EA60}"
EndProject
Project("{FAE04EC0-301F-11D3-BF4B-00C04F79EFBC}") = "SocialPayments.Workflows.PaymentRequests", "SocialPayments.Workflows.PaymentRequests\SocialPayments.Workflows.PaymentRequests.csproj", "{C970BE42-645C-4080-A335-5ABD0B453211}"
EndProject
Project("{FAE04EC0-301F-11D3-BF4B-00C04F79EFBC}") = "SocialPayments.WorkflowServices.PaymentRequests", "SocialPayments.WorkflowServices.PaymentRequests\SocialPayments.WorkflowServices.PaymentRequests.csproj", "{E8B63B08-C23E-4D92-87CA-961ABB9418E7}"
EndProject
Project("{FAE04EC0-301F-11D3-BF4B-00C04F79EFBC}") = "SocialPayments.Facebook", "SocialPayments.Facebook\SocialPayments.Facebook.csproj", "{2916B75D-83FA-4D35-A4B7-52CEC27E457E}"
EndProject
Project("{FAE04EC0-301F-11D3-BF4B-00C04F79EFBC}") = "SocialPayments.Facebook.Tests", "SocialPayments.Facebook.Tests\SocialPayments.Facebook.Tests.csproj", "{19022AF0-91DA-4EF9-9F62-D001B925ABBC}"
EndProject
Project("{FAE04EC0-301F-11D3-BF4B-00C04F79EFBC}") = "SocialPayments.RestServices.External", "SocialPayments.RestServices.External\SocialPayments.RestServices.External.csproj", "{C9BA96E4-D78E-4BCF-B981-096DB21D0F1D}"
EndProject
Project("{FAE04EC0-301F-11D3-BF4B-00C04F79EFBC}") = "SocialPayments.Workflows.Messages", "SocialPayments.Workflows.Messages\SocialPayments.Workflows.Messages.csproj", "{6DE917EB-B9DD-4F2B-BA78-CFCDE45345DD}"
EndProject
Project("{FAE04EC0-301F-11D3-BF4B-00C04F79EFBC}") = "SocialPayments.RestServices.Internal", "SocialPayments.RestServices.Internal\SocialPayments.RestServices.Internal.csproj", "{57B6CFD0-F234-49BD-B617-01E4B553C624}"
EndProject
Project("{FAE04EC0-301F-11D3-BF4B-00C04F79EFBC}") = "SocialPayments.WorkflowServices.PaystreamMessages", "SocialPayments.WorkflowServices.PaystreamMessages\SocialPayments.WorkflowServices.PaystreamMessages.csproj", "{7C2DBDCF-2D31-491E-8C27-AC75372BFFDC}"
EndProject
Global
	GlobalSection(SolutionConfigurationPlatforms) = preSolution
		Beta|Any CPU = Beta|Any CPU
		Beta|Mixed Platforms = Beta|Mixed Platforms
		Beta|x86 = Beta|x86
		Debug|Any CPU = Debug|Any CPU
		Debug|Mixed Platforms = Debug|Mixed Platforms
		Debug|x86 = Debug|x86
		Dev|Any CPU = Dev|Any CPU
		Dev|Mixed Platforms = Dev|Mixed Platforms
		Dev|x86 = Dev|x86
		Local|Any CPU = Local|Any CPU
		Local|Mixed Platforms = Local|Mixed Platforms
		Local|x86 = Local|x86
		Release|Any CPU = Release|Any CPU
		Release|Mixed Platforms = Release|Mixed Platforms
		Release|x86 = Release|x86
	EndGlobalSection
	GlobalSection(ProjectConfigurationPlatforms) = postSolution
		{4D636F08-1EB0-4922-A74F-FC7C5EE4F3DA}.Beta|Any CPU.ActiveCfg = Beta|Any CPU
		{4D636F08-1EB0-4922-A74F-FC7C5EE4F3DA}.Beta|Any CPU.Build.0 = Beta|Any CPU
		{4D636F08-1EB0-4922-A74F-FC7C5EE4F3DA}.Beta|Mixed Platforms.ActiveCfg = Beta|Any CPU
		{4D636F08-1EB0-4922-A74F-FC7C5EE4F3DA}.Beta|Mixed Platforms.Build.0 = Beta|Any CPU
		{4D636F08-1EB0-4922-A74F-FC7C5EE4F3DA}.Beta|x86.ActiveCfg = Beta|Any CPU
		{4D636F08-1EB0-4922-A74F-FC7C5EE4F3DA}.Debug|Any CPU.ActiveCfg = Debug|Any CPU
		{4D636F08-1EB0-4922-A74F-FC7C5EE4F3DA}.Debug|Any CPU.Build.0 = Debug|Any CPU
		{4D636F08-1EB0-4922-A74F-FC7C5EE4F3DA}.Debug|Mixed Platforms.ActiveCfg = Debug|Any CPU
		{4D636F08-1EB0-4922-A74F-FC7C5EE4F3DA}.Debug|Mixed Platforms.Build.0 = Debug|Any CPU
		{4D636F08-1EB0-4922-A74F-FC7C5EE4F3DA}.Debug|x86.ActiveCfg = Debug|Any CPU
		{4D636F08-1EB0-4922-A74F-FC7C5EE4F3DA}.Dev|Any CPU.ActiveCfg = Dev|Any CPU
		{4D636F08-1EB0-4922-A74F-FC7C5EE4F3DA}.Dev|Any CPU.Build.0 = Dev|Any CPU
		{4D636F08-1EB0-4922-A74F-FC7C5EE4F3DA}.Dev|Mixed Platforms.ActiveCfg = Dev|Any CPU
		{4D636F08-1EB0-4922-A74F-FC7C5EE4F3DA}.Dev|Mixed Platforms.Build.0 = Dev|Any CPU
		{4D636F08-1EB0-4922-A74F-FC7C5EE4F3DA}.Dev|x86.ActiveCfg = Dev|Any CPU
		{4D636F08-1EB0-4922-A74F-FC7C5EE4F3DA}.Local|Any CPU.ActiveCfg = Local|Any CPU
		{4D636F08-1EB0-4922-A74F-FC7C5EE4F3DA}.Local|Any CPU.Build.0 = Local|Any CPU
		{4D636F08-1EB0-4922-A74F-FC7C5EE4F3DA}.Local|Mixed Platforms.ActiveCfg = Local|Any CPU
		{4D636F08-1EB0-4922-A74F-FC7C5EE4F3DA}.Local|Mixed Platforms.Build.0 = Local|Any CPU
		{4D636F08-1EB0-4922-A74F-FC7C5EE4F3DA}.Local|x86.ActiveCfg = Local|Any CPU
		{4D636F08-1EB0-4922-A74F-FC7C5EE4F3DA}.Release|Any CPU.ActiveCfg = Release|Any CPU
		{4D636F08-1EB0-4922-A74F-FC7C5EE4F3DA}.Release|Any CPU.Build.0 = Release|Any CPU
		{4D636F08-1EB0-4922-A74F-FC7C5EE4F3DA}.Release|Mixed Platforms.ActiveCfg = Release|Any CPU
		{4D636F08-1EB0-4922-A74F-FC7C5EE4F3DA}.Release|Mixed Platforms.Build.0 = Release|Any CPU
		{4D636F08-1EB0-4922-A74F-FC7C5EE4F3DA}.Release|x86.ActiveCfg = Release|Any CPU
		{A06817CB-EF0F-49B3-B6ED-879EA399590A}.Beta|Any CPU.ActiveCfg = Beta|Any CPU
		{A06817CB-EF0F-49B3-B6ED-879EA399590A}.Beta|Any CPU.Build.0 = Beta|Any CPU
		{A06817CB-EF0F-49B3-B6ED-879EA399590A}.Beta|Mixed Platforms.ActiveCfg = Beta|Any CPU
		{A06817CB-EF0F-49B3-B6ED-879EA399590A}.Beta|Mixed Platforms.Build.0 = Beta|Any CPU
		{A06817CB-EF0F-49B3-B6ED-879EA399590A}.Beta|x86.ActiveCfg = Beta|Any CPU
		{A06817CB-EF0F-49B3-B6ED-879EA399590A}.Debug|Any CPU.ActiveCfg = Debug|Any CPU
		{A06817CB-EF0F-49B3-B6ED-879EA399590A}.Debug|Any CPU.Build.0 = Debug|Any CPU
		{A06817CB-EF0F-49B3-B6ED-879EA399590A}.Debug|Mixed Platforms.ActiveCfg = Debug|Any CPU
		{A06817CB-EF0F-49B3-B6ED-879EA399590A}.Debug|Mixed Platforms.Build.0 = Debug|Any CPU
		{A06817CB-EF0F-49B3-B6ED-879EA399590A}.Debug|x86.ActiveCfg = Debug|Any CPU
		{A06817CB-EF0F-49B3-B6ED-879EA399590A}.Dev|Any CPU.ActiveCfg = Dev|Any CPU
		{A06817CB-EF0F-49B3-B6ED-879EA399590A}.Dev|Any CPU.Build.0 = Dev|Any CPU
		{A06817CB-EF0F-49B3-B6ED-879EA399590A}.Dev|Mixed Platforms.ActiveCfg = Dev|Any CPU
		{A06817CB-EF0F-49B3-B6ED-879EA399590A}.Dev|Mixed Platforms.Build.0 = Dev|Any CPU
		{A06817CB-EF0F-49B3-B6ED-879EA399590A}.Dev|x86.ActiveCfg = Dev|Any CPU
		{A06817CB-EF0F-49B3-B6ED-879EA399590A}.Local|Any CPU.ActiveCfg = Local|Any CPU
		{A06817CB-EF0F-49B3-B6ED-879EA399590A}.Local|Any CPU.Build.0 = Local|Any CPU
		{A06817CB-EF0F-49B3-B6ED-879EA399590A}.Local|Mixed Platforms.ActiveCfg = Local|Any CPU
		{A06817CB-EF0F-49B3-B6ED-879EA399590A}.Local|Mixed Platforms.Build.0 = Local|Any CPU
		{A06817CB-EF0F-49B3-B6ED-879EA399590A}.Local|x86.ActiveCfg = Local|Any CPU
		{A06817CB-EF0F-49B3-B6ED-879EA399590A}.Release|Any CPU.ActiveCfg = Release|Any CPU
		{A06817CB-EF0F-49B3-B6ED-879EA399590A}.Release|Any CPU.Build.0 = Release|Any CPU
		{A06817CB-EF0F-49B3-B6ED-879EA399590A}.Release|Mixed Platforms.ActiveCfg = Release|Any CPU
		{A06817CB-EF0F-49B3-B6ED-879EA399590A}.Release|Mixed Platforms.Build.0 = Release|Any CPU
		{A06817CB-EF0F-49B3-B6ED-879EA399590A}.Release|x86.ActiveCfg = Release|Any CPU
		{B8F91D46-468B-4E47-9BA3-7026ED7F9C3E}.Beta|Any CPU.ActiveCfg = Beta|Any CPU
		{B8F91D46-468B-4E47-9BA3-7026ED7F9C3E}.Beta|Any CPU.Build.0 = Beta|Any CPU
		{B8F91D46-468B-4E47-9BA3-7026ED7F9C3E}.Beta|Mixed Platforms.ActiveCfg = Beta|Any CPU
		{B8F91D46-468B-4E47-9BA3-7026ED7F9C3E}.Beta|Mixed Platforms.Build.0 = Beta|Any CPU
		{B8F91D46-468B-4E47-9BA3-7026ED7F9C3E}.Beta|x86.ActiveCfg = Beta|Any CPU
		{B8F91D46-468B-4E47-9BA3-7026ED7F9C3E}.Debug|Any CPU.ActiveCfg = Debug|Any CPU
		{B8F91D46-468B-4E47-9BA3-7026ED7F9C3E}.Debug|Any CPU.Build.0 = Debug|Any CPU
		{B8F91D46-468B-4E47-9BA3-7026ED7F9C3E}.Debug|Mixed Platforms.ActiveCfg = Debug|Any CPU
		{B8F91D46-468B-4E47-9BA3-7026ED7F9C3E}.Debug|Mixed Platforms.Build.0 = Debug|Any CPU
		{B8F91D46-468B-4E47-9BA3-7026ED7F9C3E}.Debug|x86.ActiveCfg = Debug|Any CPU
		{B8F91D46-468B-4E47-9BA3-7026ED7F9C3E}.Dev|Any CPU.ActiveCfg = Dev|Any CPU
		{B8F91D46-468B-4E47-9BA3-7026ED7F9C3E}.Dev|Any CPU.Build.0 = Dev|Any CPU
		{B8F91D46-468B-4E47-9BA3-7026ED7F9C3E}.Dev|Mixed Platforms.ActiveCfg = Dev|Any CPU
		{B8F91D46-468B-4E47-9BA3-7026ED7F9C3E}.Dev|Mixed Platforms.Build.0 = Dev|Any CPU
		{B8F91D46-468B-4E47-9BA3-7026ED7F9C3E}.Dev|x86.ActiveCfg = Dev|Any CPU
		{B8F91D46-468B-4E47-9BA3-7026ED7F9C3E}.Local|Any CPU.ActiveCfg = Local|Any CPU
		{B8F91D46-468B-4E47-9BA3-7026ED7F9C3E}.Local|Any CPU.Build.0 = Local|Any CPU
		{B8F91D46-468B-4E47-9BA3-7026ED7F9C3E}.Local|Mixed Platforms.ActiveCfg = Local|Any CPU
		{B8F91D46-468B-4E47-9BA3-7026ED7F9C3E}.Local|Mixed Platforms.Build.0 = Local|Any CPU
		{B8F91D46-468B-4E47-9BA3-7026ED7F9C3E}.Local|x86.ActiveCfg = Local|Any CPU
		{B8F91D46-468B-4E47-9BA3-7026ED7F9C3E}.Release|Any CPU.ActiveCfg = Release|Any CPU
		{B8F91D46-468B-4E47-9BA3-7026ED7F9C3E}.Release|Any CPU.Build.0 = Release|Any CPU
		{B8F91D46-468B-4E47-9BA3-7026ED7F9C3E}.Release|Mixed Platforms.ActiveCfg = Release|Any CPU
		{B8F91D46-468B-4E47-9BA3-7026ED7F9C3E}.Release|Mixed Platforms.Build.0 = Release|Any CPU
		{B8F91D46-468B-4E47-9BA3-7026ED7F9C3E}.Release|x86.ActiveCfg = Release|Any CPU
		{4BE0F197-E35E-4364-99D3-56CFD4CA9212}.Beta|Any CPU.ActiveCfg = Beta|Any CPU
		{4BE0F197-E35E-4364-99D3-56CFD4CA9212}.Beta|Any CPU.Build.0 = Beta|Any CPU
		{4BE0F197-E35E-4364-99D3-56CFD4CA9212}.Beta|Mixed Platforms.ActiveCfg = Beta|Any CPU
		{4BE0F197-E35E-4364-99D3-56CFD4CA9212}.Beta|Mixed Platforms.Build.0 = Beta|Any CPU
		{4BE0F197-E35E-4364-99D3-56CFD4CA9212}.Beta|x86.ActiveCfg = Beta|Any CPU
		{4BE0F197-E35E-4364-99D3-56CFD4CA9212}.Debug|Any CPU.ActiveCfg = Debug|Any CPU
		{4BE0F197-E35E-4364-99D3-56CFD4CA9212}.Debug|Any CPU.Build.0 = Debug|Any CPU
		{4BE0F197-E35E-4364-99D3-56CFD4CA9212}.Debug|Mixed Platforms.ActiveCfg = Debug|Any CPU
		{4BE0F197-E35E-4364-99D3-56CFD4CA9212}.Debug|Mixed Platforms.Build.0 = Debug|Any CPU
		{4BE0F197-E35E-4364-99D3-56CFD4CA9212}.Debug|x86.ActiveCfg = Debug|Any CPU
		{4BE0F197-E35E-4364-99D3-56CFD4CA9212}.Dev|Any CPU.ActiveCfg = Dev|Any CPU
		{4BE0F197-E35E-4364-99D3-56CFD4CA9212}.Dev|Any CPU.Build.0 = Dev|Any CPU
		{4BE0F197-E35E-4364-99D3-56CFD4CA9212}.Dev|Mixed Platforms.ActiveCfg = Dev|Any CPU
		{4BE0F197-E35E-4364-99D3-56CFD4CA9212}.Dev|x86.ActiveCfg = Dev|Any CPU
		{4BE0F197-E35E-4364-99D3-56CFD4CA9212}.Local|Any CPU.ActiveCfg = Local|Any CPU
		{4BE0F197-E35E-4364-99D3-56CFD4CA9212}.Local|Any CPU.Build.0 = Local|Any CPU
		{4BE0F197-E35E-4364-99D3-56CFD4CA9212}.Local|Mixed Platforms.ActiveCfg = Local|Any CPU
		{4BE0F197-E35E-4364-99D3-56CFD4CA9212}.Local|Mixed Platforms.Build.0 = Local|Any CPU
		{4BE0F197-E35E-4364-99D3-56CFD4CA9212}.Local|x86.ActiveCfg = Local|Any CPU
		{4BE0F197-E35E-4364-99D3-56CFD4CA9212}.Release|Any CPU.ActiveCfg = Release|Any CPU
		{4BE0F197-E35E-4364-99D3-56CFD4CA9212}.Release|Any CPU.Build.0 = Release|Any CPU
		{4BE0F197-E35E-4364-99D3-56CFD4CA9212}.Release|Mixed Platforms.ActiveCfg = Release|Any CPU
		{4BE0F197-E35E-4364-99D3-56CFD4CA9212}.Release|Mixed Platforms.Build.0 = Release|Any CPU
		{4BE0F197-E35E-4364-99D3-56CFD4CA9212}.Release|x86.ActiveCfg = Release|Any CPU
		{9FE091DA-7C42-4645-837C-40C2B03282CE}.Beta|Any CPU.ActiveCfg = Beta|Any CPU
		{9FE091DA-7C42-4645-837C-40C2B03282CE}.Beta|Any CPU.Build.0 = Beta|Any CPU
		{9FE091DA-7C42-4645-837C-40C2B03282CE}.Beta|Mixed Platforms.ActiveCfg = Beta|Any CPU
		{9FE091DA-7C42-4645-837C-40C2B03282CE}.Beta|Mixed Platforms.Build.0 = Beta|Any CPU
		{9FE091DA-7C42-4645-837C-40C2B03282CE}.Beta|x86.ActiveCfg = Beta|Any CPU
		{9FE091DA-7C42-4645-837C-40C2B03282CE}.Debug|Any CPU.ActiveCfg = Debug|Any CPU
		{9FE091DA-7C42-4645-837C-40C2B03282CE}.Debug|Any CPU.Build.0 = Debug|Any CPU
		{9FE091DA-7C42-4645-837C-40C2B03282CE}.Debug|Mixed Platforms.ActiveCfg = Debug|Any CPU
		{9FE091DA-7C42-4645-837C-40C2B03282CE}.Debug|Mixed Platforms.Build.0 = Debug|Any CPU
		{9FE091DA-7C42-4645-837C-40C2B03282CE}.Debug|x86.ActiveCfg = Debug|Any CPU
		{9FE091DA-7C42-4645-837C-40C2B03282CE}.Dev|Any CPU.ActiveCfg = Dev|Any CPU
		{9FE091DA-7C42-4645-837C-40C2B03282CE}.Dev|Any CPU.Build.0 = Dev|Any CPU
		{9FE091DA-7C42-4645-837C-40C2B03282CE}.Dev|Mixed Platforms.ActiveCfg = Dev|Any CPU
		{9FE091DA-7C42-4645-837C-40C2B03282CE}.Dev|x86.ActiveCfg = Dev|Any CPU
		{9FE091DA-7C42-4645-837C-40C2B03282CE}.Local|Any CPU.ActiveCfg = Local|Any CPU
		{9FE091DA-7C42-4645-837C-40C2B03282CE}.Local|Any CPU.Build.0 = Local|Any CPU
		{9FE091DA-7C42-4645-837C-40C2B03282CE}.Local|Mixed Platforms.ActiveCfg = Local|Any CPU
		{9FE091DA-7C42-4645-837C-40C2B03282CE}.Local|Mixed Platforms.Build.0 = Local|Any CPU
		{9FE091DA-7C42-4645-837C-40C2B03282CE}.Local|x86.ActiveCfg = Local|Any CPU
		{9FE091DA-7C42-4645-837C-40C2B03282CE}.Release|Any CPU.ActiveCfg = Release|Any CPU
		{9FE091DA-7C42-4645-837C-40C2B03282CE}.Release|Any CPU.Build.0 = Release|Any CPU
		{9FE091DA-7C42-4645-837C-40C2B03282CE}.Release|Mixed Platforms.ActiveCfg = Release|Any CPU
		{9FE091DA-7C42-4645-837C-40C2B03282CE}.Release|Mixed Platforms.Build.0 = Release|Any CPU
		{9FE091DA-7C42-4645-837C-40C2B03282CE}.Release|x86.ActiveCfg = Release|Any CPU
		{A68BDEEB-0AA5-4A44-8662-11371C4D36E3}.Beta|Any CPU.ActiveCfg = Beta|Any CPU
		{A68BDEEB-0AA5-4A44-8662-11371C4D36E3}.Beta|Any CPU.Build.0 = Beta|Any CPU
		{A68BDEEB-0AA5-4A44-8662-11371C4D36E3}.Beta|Mixed Platforms.ActiveCfg = Beta|Any CPU
		{A68BDEEB-0AA5-4A44-8662-11371C4D36E3}.Beta|Mixed Platforms.Build.0 = Beta|Any CPU
		{A68BDEEB-0AA5-4A44-8662-11371C4D36E3}.Beta|x86.ActiveCfg = Beta|Any CPU
		{A68BDEEB-0AA5-4A44-8662-11371C4D36E3}.Debug|Any CPU.ActiveCfg = Debug|Any CPU
		{A68BDEEB-0AA5-4A44-8662-11371C4D36E3}.Debug|Any CPU.Build.0 = Debug|Any CPU
		{A68BDEEB-0AA5-4A44-8662-11371C4D36E3}.Debug|Mixed Platforms.ActiveCfg = Debug|Any CPU
		{A68BDEEB-0AA5-4A44-8662-11371C4D36E3}.Debug|Mixed Platforms.Build.0 = Debug|Any CPU
		{A68BDEEB-0AA5-4A44-8662-11371C4D36E3}.Debug|x86.ActiveCfg = Debug|Any CPU
		{A68BDEEB-0AA5-4A44-8662-11371C4D36E3}.Dev|Any CPU.ActiveCfg = Dev|Any CPU
		{A68BDEEB-0AA5-4A44-8662-11371C4D36E3}.Dev|Any CPU.Build.0 = Dev|Any CPU
		{A68BDEEB-0AA5-4A44-8662-11371C4D36E3}.Dev|Mixed Platforms.ActiveCfg = Dev|Any CPU
		{A68BDEEB-0AA5-4A44-8662-11371C4D36E3}.Dev|Mixed Platforms.Build.0 = Dev|Any CPU
		{A68BDEEB-0AA5-4A44-8662-11371C4D36E3}.Dev|x86.ActiveCfg = Dev|Any CPU
		{A68BDEEB-0AA5-4A44-8662-11371C4D36E3}.Local|Any CPU.ActiveCfg = Local|Any CPU
		{A68BDEEB-0AA5-4A44-8662-11371C4D36E3}.Local|Any CPU.Build.0 = Local|Any CPU
		{A68BDEEB-0AA5-4A44-8662-11371C4D36E3}.Local|Mixed Platforms.ActiveCfg = Local|Any CPU
		{A68BDEEB-0AA5-4A44-8662-11371C4D36E3}.Local|Mixed Platforms.Build.0 = Local|Any CPU
		{A68BDEEB-0AA5-4A44-8662-11371C4D36E3}.Local|x86.ActiveCfg = Local|Any CPU
		{A68BDEEB-0AA5-4A44-8662-11371C4D36E3}.Release|Any CPU.ActiveCfg = Release|Any CPU
		{A68BDEEB-0AA5-4A44-8662-11371C4D36E3}.Release|Any CPU.Build.0 = Release|Any CPU
		{A68BDEEB-0AA5-4A44-8662-11371C4D36E3}.Release|Mixed Platforms.ActiveCfg = Release|Any CPU
		{A68BDEEB-0AA5-4A44-8662-11371C4D36E3}.Release|Mixed Platforms.Build.0 = Release|Any CPU
		{A68BDEEB-0AA5-4A44-8662-11371C4D36E3}.Release|x86.ActiveCfg = Release|Any CPU
		{446DD79B-1CB5-46A4-BCF0-3CF1CE83498D}.Beta|Any CPU.ActiveCfg = Beta|Any CPU
		{446DD79B-1CB5-46A4-BCF0-3CF1CE83498D}.Beta|Any CPU.Build.0 = Beta|Any CPU
		{446DD79B-1CB5-46A4-BCF0-3CF1CE83498D}.Beta|Mixed Platforms.ActiveCfg = Beta|Any CPU
		{446DD79B-1CB5-46A4-BCF0-3CF1CE83498D}.Beta|Mixed Platforms.Build.0 = Beta|Any CPU
		{446DD79B-1CB5-46A4-BCF0-3CF1CE83498D}.Beta|x86.ActiveCfg = Beta|Any CPU
		{446DD79B-1CB5-46A4-BCF0-3CF1CE83498D}.Debug|Any CPU.ActiveCfg = Debug|Any CPU
		{446DD79B-1CB5-46A4-BCF0-3CF1CE83498D}.Debug|Any CPU.Build.0 = Debug|Any CPU
		{446DD79B-1CB5-46A4-BCF0-3CF1CE83498D}.Debug|Mixed Platforms.ActiveCfg = Debug|Any CPU
		{446DD79B-1CB5-46A4-BCF0-3CF1CE83498D}.Debug|Mixed Platforms.Build.0 = Debug|Any CPU
		{446DD79B-1CB5-46A4-BCF0-3CF1CE83498D}.Debug|x86.ActiveCfg = Debug|Any CPU
		{446DD79B-1CB5-46A4-BCF0-3CF1CE83498D}.Dev|Any CPU.ActiveCfg = Dev|Any CPU
		{446DD79B-1CB5-46A4-BCF0-3CF1CE83498D}.Dev|Any CPU.Build.0 = Dev|Any CPU
		{446DD79B-1CB5-46A4-BCF0-3CF1CE83498D}.Dev|Mixed Platforms.ActiveCfg = Dev|Any CPU
		{446DD79B-1CB5-46A4-BCF0-3CF1CE83498D}.Dev|Mixed Platforms.Build.0 = Dev|Any CPU
		{446DD79B-1CB5-46A4-BCF0-3CF1CE83498D}.Dev|x86.ActiveCfg = Dev|Any CPU
		{446DD79B-1CB5-46A4-BCF0-3CF1CE83498D}.Local|Any CPU.ActiveCfg = Local|Any CPU
		{446DD79B-1CB5-46A4-BCF0-3CF1CE83498D}.Local|Any CPU.Build.0 = Local|Any CPU
		{446DD79B-1CB5-46A4-BCF0-3CF1CE83498D}.Local|Mixed Platforms.ActiveCfg = Local|Any CPU
		{446DD79B-1CB5-46A4-BCF0-3CF1CE83498D}.Local|Mixed Platforms.Build.0 = Local|Any CPU
		{446DD79B-1CB5-46A4-BCF0-3CF1CE83498D}.Local|x86.ActiveCfg = Local|Any CPU
		{446DD79B-1CB5-46A4-BCF0-3CF1CE83498D}.Release|Any CPU.ActiveCfg = Release|Any CPU
		{446DD79B-1CB5-46A4-BCF0-3CF1CE83498D}.Release|Any CPU.Build.0 = Release|Any CPU
		{446DD79B-1CB5-46A4-BCF0-3CF1CE83498D}.Release|Mixed Platforms.ActiveCfg = Release|Any CPU
		{446DD79B-1CB5-46A4-BCF0-3CF1CE83498D}.Release|Mixed Platforms.Build.0 = Release|Any CPU
		{446DD79B-1CB5-46A4-BCF0-3CF1CE83498D}.Release|x86.ActiveCfg = Release|Any CPU
		{4F193BBA-F1D4-426B-9C29-6B1D6529E8AE}.Beta|Any CPU.ActiveCfg = Beta|x86
		{4F193BBA-F1D4-426B-9C29-6B1D6529E8AE}.Beta|Mixed Platforms.ActiveCfg = Beta|x86
		{4F193BBA-F1D4-426B-9C29-6B1D6529E8AE}.Beta|Mixed Platforms.Build.0 = Beta|x86
		{4F193BBA-F1D4-426B-9C29-6B1D6529E8AE}.Beta|x86.ActiveCfg = Beta|x86
		{4F193BBA-F1D4-426B-9C29-6B1D6529E8AE}.Beta|x86.Build.0 = Beta|x86
		{4F193BBA-F1D4-426B-9C29-6B1D6529E8AE}.Debug|Any CPU.ActiveCfg = Debug|x86
		{4F193BBA-F1D4-426B-9C29-6B1D6529E8AE}.Debug|Mixed Platforms.ActiveCfg = Debug|x86
		{4F193BBA-F1D4-426B-9C29-6B1D6529E8AE}.Debug|Mixed Platforms.Build.0 = Debug|x86
		{4F193BBA-F1D4-426B-9C29-6B1D6529E8AE}.Debug|x86.ActiveCfg = Debug|x86
		{4F193BBA-F1D4-426B-9C29-6B1D6529E8AE}.Debug|x86.Build.0 = Debug|x86
		{4F193BBA-F1D4-426B-9C29-6B1D6529E8AE}.Dev|Any CPU.ActiveCfg = Dev|x86
		{4F193BBA-F1D4-426B-9C29-6B1D6529E8AE}.Dev|Mixed Platforms.ActiveCfg = Dev|x86
		{4F193BBA-F1D4-426B-9C29-6B1D6529E8AE}.Dev|Mixed Platforms.Build.0 = Dev|x86
		{4F193BBA-F1D4-426B-9C29-6B1D6529E8AE}.Dev|x86.ActiveCfg = Dev|x86
		{4F193BBA-F1D4-426B-9C29-6B1D6529E8AE}.Dev|x86.Build.0 = Dev|x86
		{4F193BBA-F1D4-426B-9C29-6B1D6529E8AE}.Local|Any CPU.ActiveCfg = Local|x86
		{4F193BBA-F1D4-426B-9C29-6B1D6529E8AE}.Local|Mixed Platforms.ActiveCfg = Local|x86
		{4F193BBA-F1D4-426B-9C29-6B1D6529E8AE}.Local|Mixed Platforms.Build.0 = Local|x86
		{4F193BBA-F1D4-426B-9C29-6B1D6529E8AE}.Local|x86.ActiveCfg = Local|x86
		{4F193BBA-F1D4-426B-9C29-6B1D6529E8AE}.Local|x86.Build.0 = Local|x86
		{4F193BBA-F1D4-426B-9C29-6B1D6529E8AE}.Release|Any CPU.ActiveCfg = Release|x86
		{4F193BBA-F1D4-426B-9C29-6B1D6529E8AE}.Release|Mixed Platforms.ActiveCfg = Release|x86
		{4F193BBA-F1D4-426B-9C29-6B1D6529E8AE}.Release|Mixed Platforms.Build.0 = Release|x86
		{4F193BBA-F1D4-426B-9C29-6B1D6529E8AE}.Release|x86.ActiveCfg = Release|x86
		{4F193BBA-F1D4-426B-9C29-6B1D6529E8AE}.Release|x86.Build.0 = Release|x86
		{B60C949D-332D-47A7-9C70-06D752605D9B}.Beta|Any CPU.ActiveCfg = Beta
		{B60C949D-332D-47A7-9C70-06D752605D9B}.Beta|Mixed Platforms.ActiveCfg = Beta
		{B60C949D-332D-47A7-9C70-06D752605D9B}.Beta|x86.ActiveCfg = Beta
		{B60C949D-332D-47A7-9C70-06D752605D9B}.Beta|x86.Build.0 = Beta
		{B60C949D-332D-47A7-9C70-06D752605D9B}.Debug|Any CPU.ActiveCfg = Debug
		{B60C949D-332D-47A7-9C70-06D752605D9B}.Debug|Mixed Platforms.ActiveCfg = Debug
		{B60C949D-332D-47A7-9C70-06D752605D9B}.Debug|x86.ActiveCfg = Debug
		{B60C949D-332D-47A7-9C70-06D752605D9B}.Dev|Any CPU.ActiveCfg = Dev
		{B60C949D-332D-47A7-9C70-06D752605D9B}.Dev|Mixed Platforms.ActiveCfg = Dev
		{B60C949D-332D-47A7-9C70-06D752605D9B}.Dev|Mixed Platforms.Build.0 = Dev
		{B60C949D-332D-47A7-9C70-06D752605D9B}.Dev|x86.ActiveCfg = Dev
		{B60C949D-332D-47A7-9C70-06D752605D9B}.Dev|x86.Build.0 = Dev
		{B60C949D-332D-47A7-9C70-06D752605D9B}.Local|Any CPU.ActiveCfg = Local
		{B60C949D-332D-47A7-9C70-06D752605D9B}.Local|Mixed Platforms.ActiveCfg = Local
		{B60C949D-332D-47A7-9C70-06D752605D9B}.Local|Mixed Platforms.Build.0 = Local
		{B60C949D-332D-47A7-9C70-06D752605D9B}.Local|x86.ActiveCfg = Local
		{B60C949D-332D-47A7-9C70-06D752605D9B}.Local|x86.Build.0 = Local
		{B60C949D-332D-47A7-9C70-06D752605D9B}.Release|Any CPU.ActiveCfg = Release
		{B60C949D-332D-47A7-9C70-06D752605D9B}.Release|Mixed Platforms.ActiveCfg = Release
		{B60C949D-332D-47A7-9C70-06D752605D9B}.Release|x86.ActiveCfg = Release
		{4D6CFB79-81B1-40D7-AE0F-443EB9BCD4A1}.Beta|Any CPU.ActiveCfg = Beta|Any CPU
		{4D6CFB79-81B1-40D7-AE0F-443EB9BCD4A1}.Beta|Any CPU.Build.0 = Beta|Any CPU
		{4D6CFB79-81B1-40D7-AE0F-443EB9BCD4A1}.Beta|Mixed Platforms.ActiveCfg = Beta|Any CPU
		{4D6CFB79-81B1-40D7-AE0F-443EB9BCD4A1}.Beta|Mixed Platforms.Build.0 = Beta|Any CPU
		{4D6CFB79-81B1-40D7-AE0F-443EB9BCD4A1}.Beta|x86.ActiveCfg = Beta|Any CPU
		{4D6CFB79-81B1-40D7-AE0F-443EB9BCD4A1}.Debug|Any CPU.ActiveCfg = Debug|Any CPU
		{4D6CFB79-81B1-40D7-AE0F-443EB9BCD4A1}.Debug|Any CPU.Build.0 = Debug|Any CPU
		{4D6CFB79-81B1-40D7-AE0F-443EB9BCD4A1}.Debug|Mixed Platforms.ActiveCfg = Debug|Any CPU
		{4D6CFB79-81B1-40D7-AE0F-443EB9BCD4A1}.Debug|Mixed Platforms.Build.0 = Debug|Any CPU
		{4D6CFB79-81B1-40D7-AE0F-443EB9BCD4A1}.Debug|x86.ActiveCfg = Debug|Any CPU
		{4D6CFB79-81B1-40D7-AE0F-443EB9BCD4A1}.Dev|Any CPU.ActiveCfg = Dev|Any CPU
		{4D6CFB79-81B1-40D7-AE0F-443EB9BCD4A1}.Dev|Any CPU.Build.0 = Dev|Any CPU
		{4D6CFB79-81B1-40D7-AE0F-443EB9BCD4A1}.Dev|Mixed Platforms.ActiveCfg = Dev|Any CPU
		{4D6CFB79-81B1-40D7-AE0F-443EB9BCD4A1}.Dev|Mixed Platforms.Build.0 = Dev|Any CPU
		{4D6CFB79-81B1-40D7-AE0F-443EB9BCD4A1}.Dev|x86.ActiveCfg = Dev|Any CPU
		{4D6CFB79-81B1-40D7-AE0F-443EB9BCD4A1}.Local|Any CPU.ActiveCfg = Local|Any CPU
		{4D6CFB79-81B1-40D7-AE0F-443EB9BCD4A1}.Local|Any CPU.Build.0 = Local|Any CPU
		{4D6CFB79-81B1-40D7-AE0F-443EB9BCD4A1}.Local|Mixed Platforms.ActiveCfg = Local|Any CPU
		{4D6CFB79-81B1-40D7-AE0F-443EB9BCD4A1}.Local|Mixed Platforms.Build.0 = Local|Any CPU
		{4D6CFB79-81B1-40D7-AE0F-443EB9BCD4A1}.Local|x86.ActiveCfg = Local|Any CPU
		{4D6CFB79-81B1-40D7-AE0F-443EB9BCD4A1}.Release|Any CPU.ActiveCfg = Release|Any CPU
		{4D6CFB79-81B1-40D7-AE0F-443EB9BCD4A1}.Release|Any CPU.Build.0 = Release|Any CPU
		{4D6CFB79-81B1-40D7-AE0F-443EB9BCD4A1}.Release|Mixed Platforms.ActiveCfg = Release|Any CPU
		{4D6CFB79-81B1-40D7-AE0F-443EB9BCD4A1}.Release|Mixed Platforms.Build.0 = Release|Any CPU
		{4D6CFB79-81B1-40D7-AE0F-443EB9BCD4A1}.Release|x86.ActiveCfg = Release|Any CPU
		{577EEA6E-A343-4DF1-95F3-CA862A7F4CF9}.Beta|Any CPU.ActiveCfg = Beta|x86
		{577EEA6E-A343-4DF1-95F3-CA862A7F4CF9}.Beta|Mixed Platforms.ActiveCfg = Beta|x86
		{577EEA6E-A343-4DF1-95F3-CA862A7F4CF9}.Beta|Mixed Platforms.Build.0 = Beta|x86
		{577EEA6E-A343-4DF1-95F3-CA862A7F4CF9}.Beta|x86.ActiveCfg = Beta|x86
		{577EEA6E-A343-4DF1-95F3-CA862A7F4CF9}.Beta|x86.Build.0 = Beta|x86
		{577EEA6E-A343-4DF1-95F3-CA862A7F4CF9}.Debug|Any CPU.ActiveCfg = Debug|x86
		{577EEA6E-A343-4DF1-95F3-CA862A7F4CF9}.Debug|Mixed Platforms.ActiveCfg = Debug|x86
		{577EEA6E-A343-4DF1-95F3-CA862A7F4CF9}.Debug|Mixed Platforms.Build.0 = Debug|x86
		{577EEA6E-A343-4DF1-95F3-CA862A7F4CF9}.Debug|x86.ActiveCfg = Debug|x86
		{577EEA6E-A343-4DF1-95F3-CA862A7F4CF9}.Debug|x86.Build.0 = Debug|x86
		{577EEA6E-A343-4DF1-95F3-CA862A7F4CF9}.Dev|Any CPU.ActiveCfg = Dev|x86
		{577EEA6E-A343-4DF1-95F3-CA862A7F4CF9}.Dev|Mixed Platforms.ActiveCfg = Dev|x86
		{577EEA6E-A343-4DF1-95F3-CA862A7F4CF9}.Dev|Mixed Platforms.Build.0 = Dev|x86
		{577EEA6E-A343-4DF1-95F3-CA862A7F4CF9}.Dev|x86.ActiveCfg = Dev|x86
		{577EEA6E-A343-4DF1-95F3-CA862A7F4CF9}.Dev|x86.Build.0 = Dev|x86
		{577EEA6E-A343-4DF1-95F3-CA862A7F4CF9}.Local|Any CPU.ActiveCfg = Local|x86
		{577EEA6E-A343-4DF1-95F3-CA862A7F4CF9}.Local|Mixed Platforms.ActiveCfg = Local|x86
		{577EEA6E-A343-4DF1-95F3-CA862A7F4CF9}.Local|Mixed Platforms.Build.0 = Local|x86
		{577EEA6E-A343-4DF1-95F3-CA862A7F4CF9}.Local|x86.ActiveCfg = Local|x86
		{577EEA6E-A343-4DF1-95F3-CA862A7F4CF9}.Local|x86.Build.0 = Local|x86
		{577EEA6E-A343-4DF1-95F3-CA862A7F4CF9}.Release|Any CPU.ActiveCfg = Release|x86
		{577EEA6E-A343-4DF1-95F3-CA862A7F4CF9}.Release|Mixed Platforms.ActiveCfg = Release|x86
		{577EEA6E-A343-4DF1-95F3-CA862A7F4CF9}.Release|Mixed Platforms.Build.0 = Release|x86
		{577EEA6E-A343-4DF1-95F3-CA862A7F4CF9}.Release|x86.ActiveCfg = Release|x86
		{577EEA6E-A343-4DF1-95F3-CA862A7F4CF9}.Release|x86.Build.0 = Release|x86
		{0074DB88-E270-462F-A473-303482E24B60}.Beta|Any CPU.ActiveCfg = Beta|Any CPU
		{0074DB88-E270-462F-A473-303482E24B60}.Beta|Any CPU.Build.0 = Beta|Any CPU
		{0074DB88-E270-462F-A473-303482E24B60}.Beta|Mixed Platforms.ActiveCfg = Beta|Any CPU
		{0074DB88-E270-462F-A473-303482E24B60}.Beta|Mixed Platforms.Build.0 = Beta|Any CPU
		{0074DB88-E270-462F-A473-303482E24B60}.Beta|x86.ActiveCfg = Beta|Any CPU
		{0074DB88-E270-462F-A473-303482E24B60}.Debug|Any CPU.ActiveCfg = Debug|Any CPU
		{0074DB88-E270-462F-A473-303482E24B60}.Debug|Any CPU.Build.0 = Debug|Any CPU
		{0074DB88-E270-462F-A473-303482E24B60}.Debug|Mixed Platforms.ActiveCfg = Debug|Any CPU
		{0074DB88-E270-462F-A473-303482E24B60}.Debug|Mixed Platforms.Build.0 = Debug|Any CPU
		{0074DB88-E270-462F-A473-303482E24B60}.Debug|x86.ActiveCfg = Debug|Any CPU
		{0074DB88-E270-462F-A473-303482E24B60}.Dev|Any CPU.ActiveCfg = Dev|Any CPU
		{0074DB88-E270-462F-A473-303482E24B60}.Dev|Any CPU.Build.0 = Dev|Any CPU
		{0074DB88-E270-462F-A473-303482E24B60}.Dev|Mixed Platforms.ActiveCfg = Dev|Any CPU
		{0074DB88-E270-462F-A473-303482E24B60}.Dev|x86.ActiveCfg = Dev|Any CPU
		{0074DB88-E270-462F-A473-303482E24B60}.Local|Any CPU.ActiveCfg = Local|Any CPU
		{0074DB88-E270-462F-A473-303482E24B60}.Local|Any CPU.Build.0 = Local|Any CPU
		{0074DB88-E270-462F-A473-303482E24B60}.Local|Mixed Platforms.ActiveCfg = Local|Any CPU
		{0074DB88-E270-462F-A473-303482E24B60}.Local|Mixed Platforms.Build.0 = Local|Any CPU
		{0074DB88-E270-462F-A473-303482E24B60}.Local|x86.ActiveCfg = Local|Any CPU
		{0074DB88-E270-462F-A473-303482E24B60}.Release|Any CPU.ActiveCfg = Release|Any CPU
		{0074DB88-E270-462F-A473-303482E24B60}.Release|Any CPU.Build.0 = Release|Any CPU
		{0074DB88-E270-462F-A473-303482E24B60}.Release|Mixed Platforms.ActiveCfg = Release|Any CPU
		{0074DB88-E270-462F-A473-303482E24B60}.Release|Mixed Platforms.Build.0 = Release|Any CPU
		{0074DB88-E270-462F-A473-303482E24B60}.Release|x86.ActiveCfg = Release|Any CPU
		{F24B221A-3621-4048-9C16-F080739636E0}.Beta|Any CPU.ActiveCfg = Beta|Any CPU
		{F24B221A-3621-4048-9C16-F080739636E0}.Beta|Any CPU.Build.0 = Beta|Any CPU
		{F24B221A-3621-4048-9C16-F080739636E0}.Beta|Mixed Platforms.ActiveCfg = Beta|Any CPU
		{F24B221A-3621-4048-9C16-F080739636E0}.Beta|Mixed Platforms.Build.0 = Beta|Any CPU
		{F24B221A-3621-4048-9C16-F080739636E0}.Beta|x86.ActiveCfg = Beta|Any CPU
		{F24B221A-3621-4048-9C16-F080739636E0}.Debug|Any CPU.ActiveCfg = Debug|Any CPU
		{F24B221A-3621-4048-9C16-F080739636E0}.Debug|Any CPU.Build.0 = Debug|Any CPU
		{F24B221A-3621-4048-9C16-F080739636E0}.Debug|Mixed Platforms.ActiveCfg = Debug|Any CPU
		{F24B221A-3621-4048-9C16-F080739636E0}.Debug|Mixed Platforms.Build.0 = Debug|Any CPU
		{F24B221A-3621-4048-9C16-F080739636E0}.Debug|x86.ActiveCfg = Debug|Any CPU
		{F24B221A-3621-4048-9C16-F080739636E0}.Dev|Any CPU.ActiveCfg = Dev|Any CPU
		{F24B221A-3621-4048-9C16-F080739636E0}.Dev|Any CPU.Build.0 = Dev|Any CPU
		{F24B221A-3621-4048-9C16-F080739636E0}.Dev|Mixed Platforms.ActiveCfg = Dev|Any CPU
		{F24B221A-3621-4048-9C16-F080739636E0}.Dev|Mixed Platforms.Build.0 = Dev|Any CPU
		{F24B221A-3621-4048-9C16-F080739636E0}.Dev|x86.ActiveCfg = Dev|Any CPU
		{F24B221A-3621-4048-9C16-F080739636E0}.Local|Any CPU.ActiveCfg = Local|Any CPU
		{F24B221A-3621-4048-9C16-F080739636E0}.Local|Any CPU.Build.0 = Local|Any CPU
		{F24B221A-3621-4048-9C16-F080739636E0}.Local|Mixed Platforms.ActiveCfg = Local|Any CPU
		{F24B221A-3621-4048-9C16-F080739636E0}.Local|Mixed Platforms.Build.0 = Local|Any CPU
		{F24B221A-3621-4048-9C16-F080739636E0}.Local|x86.ActiveCfg = Local|Any CPU
		{F24B221A-3621-4048-9C16-F080739636E0}.Release|Any CPU.ActiveCfg = Release|Any CPU
		{F24B221A-3621-4048-9C16-F080739636E0}.Release|Any CPU.Build.0 = Release|Any CPU
		{F24B221A-3621-4048-9C16-F080739636E0}.Release|Mixed Platforms.ActiveCfg = Release|Any CPU
		{F24B221A-3621-4048-9C16-F080739636E0}.Release|Mixed Platforms.Build.0 = Release|Any CPU
		{F24B221A-3621-4048-9C16-F080739636E0}.Release|x86.ActiveCfg = Release|Any CPU
		{4F6364B8-534D-4598-95A5-43ADD8DB9BCD}.Beta|Any CPU.ActiveCfg = Beta|Any CPU
		{4F6364B8-534D-4598-95A5-43ADD8DB9BCD}.Beta|Any CPU.Build.0 = Beta|Any CPU
		{4F6364B8-534D-4598-95A5-43ADD8DB9BCD}.Beta|Mixed Platforms.ActiveCfg = Beta|Any CPU
		{4F6364B8-534D-4598-95A5-43ADD8DB9BCD}.Beta|Mixed Platforms.Build.0 = Beta|Any CPU
		{4F6364B8-534D-4598-95A5-43ADD8DB9BCD}.Beta|x86.ActiveCfg = Beta|Any CPU
		{4F6364B8-534D-4598-95A5-43ADD8DB9BCD}.Debug|Any CPU.ActiveCfg = Debug|Any CPU
		{4F6364B8-534D-4598-95A5-43ADD8DB9BCD}.Debug|Any CPU.Build.0 = Debug|Any CPU
		{4F6364B8-534D-4598-95A5-43ADD8DB9BCD}.Debug|Mixed Platforms.ActiveCfg = Debug|Any CPU
		{4F6364B8-534D-4598-95A5-43ADD8DB9BCD}.Debug|Mixed Platforms.Build.0 = Debug|Any CPU
		{4F6364B8-534D-4598-95A5-43ADD8DB9BCD}.Debug|x86.ActiveCfg = Debug|Any CPU
		{4F6364B8-534D-4598-95A5-43ADD8DB9BCD}.Dev|Any CPU.ActiveCfg = Dev|Any CPU
		{4F6364B8-534D-4598-95A5-43ADD8DB9BCD}.Dev|Any CPU.Build.0 = Dev|Any CPU
		{4F6364B8-534D-4598-95A5-43ADD8DB9BCD}.Dev|Mixed Platforms.ActiveCfg = Dev|Any CPU
		{4F6364B8-534D-4598-95A5-43ADD8DB9BCD}.Dev|Mixed Platforms.Build.0 = Dev|Any CPU
		{4F6364B8-534D-4598-95A5-43ADD8DB9BCD}.Dev|x86.ActiveCfg = Dev|Any CPU
		{4F6364B8-534D-4598-95A5-43ADD8DB9BCD}.Local|Any CPU.ActiveCfg = Local|Any CPU
		{4F6364B8-534D-4598-95A5-43ADD8DB9BCD}.Local|Any CPU.Build.0 = Local|Any CPU
		{4F6364B8-534D-4598-95A5-43ADD8DB9BCD}.Local|Mixed Platforms.ActiveCfg = Local|Any CPU
		{4F6364B8-534D-4598-95A5-43ADD8DB9BCD}.Local|Mixed Platforms.Build.0 = Local|Any CPU
		{4F6364B8-534D-4598-95A5-43ADD8DB9BCD}.Local|x86.ActiveCfg = Local|Any CPU
		{4F6364B8-534D-4598-95A5-43ADD8DB9BCD}.Release|Any CPU.ActiveCfg = Release|Any CPU
		{4F6364B8-534D-4598-95A5-43ADD8DB9BCD}.Release|Any CPU.Build.0 = Release|Any CPU
		{4F6364B8-534D-4598-95A5-43ADD8DB9BCD}.Release|Mixed Platforms.ActiveCfg = Release|Any CPU
		{4F6364B8-534D-4598-95A5-43ADD8DB9BCD}.Release|Mixed Platforms.Build.0 = Release|Any CPU
		{4F6364B8-534D-4598-95A5-43ADD8DB9BCD}.Release|x86.ActiveCfg = Release|Any CPU
		{B3376118-8ED7-4EA7-9A6C-FD7BA324259D}.Beta|Any CPU.ActiveCfg = Beta|Any CPU
		{B3376118-8ED7-4EA7-9A6C-FD7BA324259D}.Beta|Any CPU.Build.0 = Beta|Any CPU
		{B3376118-8ED7-4EA7-9A6C-FD7BA324259D}.Beta|Mixed Platforms.ActiveCfg = Beta|Any CPU
		{B3376118-8ED7-4EA7-9A6C-FD7BA324259D}.Beta|Mixed Platforms.Build.0 = Beta|Any CPU
		{B3376118-8ED7-4EA7-9A6C-FD7BA324259D}.Beta|x86.ActiveCfg = Beta|Any CPU
		{B3376118-8ED7-4EA7-9A6C-FD7BA324259D}.Debug|Any CPU.ActiveCfg = Debug|Any CPU
		{B3376118-8ED7-4EA7-9A6C-FD7BA324259D}.Debug|Any CPU.Build.0 = Debug|Any CPU
		{B3376118-8ED7-4EA7-9A6C-FD7BA324259D}.Debug|Mixed Platforms.ActiveCfg = Debug|Any CPU
		{B3376118-8ED7-4EA7-9A6C-FD7BA324259D}.Debug|Mixed Platforms.Build.0 = Debug|Any CPU
		{B3376118-8ED7-4EA7-9A6C-FD7BA324259D}.Debug|x86.ActiveCfg = Debug|Any CPU
		{B3376118-8ED7-4EA7-9A6C-FD7BA324259D}.Dev|Any CPU.ActiveCfg = Dev|Any CPU
		{B3376118-8ED7-4EA7-9A6C-FD7BA324259D}.Dev|Any CPU.Build.0 = Dev|Any CPU
		{B3376118-8ED7-4EA7-9A6C-FD7BA324259D}.Dev|Mixed Platforms.ActiveCfg = Dev|Any CPU
		{B3376118-8ED7-4EA7-9A6C-FD7BA324259D}.Dev|Mixed Platforms.Build.0 = Dev|Any CPU
		{B3376118-8ED7-4EA7-9A6C-FD7BA324259D}.Dev|x86.ActiveCfg = Dev|Any CPU
		{B3376118-8ED7-4EA7-9A6C-FD7BA324259D}.Local|Any CPU.ActiveCfg = Local|Any CPU
		{B3376118-8ED7-4EA7-9A6C-FD7BA324259D}.Local|Any CPU.Build.0 = Local|Any CPU
		{B3376118-8ED7-4EA7-9A6C-FD7BA324259D}.Local|Mixed Platforms.ActiveCfg = Local|Any CPU
		{B3376118-8ED7-4EA7-9A6C-FD7BA324259D}.Local|Mixed Platforms.Build.0 = Local|Any CPU
		{B3376118-8ED7-4EA7-9A6C-FD7BA324259D}.Local|x86.ActiveCfg = Local|Any CPU
		{B3376118-8ED7-4EA7-9A6C-FD7BA324259D}.Release|Any CPU.ActiveCfg = Release|Any CPU
		{B3376118-8ED7-4EA7-9A6C-FD7BA324259D}.Release|Any CPU.Build.0 = Release|Any CPU
		{B3376118-8ED7-4EA7-9A6C-FD7BA324259D}.Release|Mixed Platforms.ActiveCfg = Release|Any CPU
		{B3376118-8ED7-4EA7-9A6C-FD7BA324259D}.Release|Mixed Platforms.Build.0 = Release|Any CPU
		{B3376118-8ED7-4EA7-9A6C-FD7BA324259D}.Release|x86.ActiveCfg = Release|Any CPU
		{DF435856-BFEE-4A5A-8D76-F2E611969944}.Beta|Any CPU.ActiveCfg = Beta|Any CPU
		{DF435856-BFEE-4A5A-8D76-F2E611969944}.Beta|Any CPU.Build.0 = Beta|Any CPU
		{DF435856-BFEE-4A5A-8D76-F2E611969944}.Beta|Mixed Platforms.ActiveCfg = Beta|Any CPU
		{DF435856-BFEE-4A5A-8D76-F2E611969944}.Beta|Mixed Platforms.Build.0 = Beta|Any CPU
		{DF435856-BFEE-4A5A-8D76-F2E611969944}.Beta|x86.ActiveCfg = Beta|Any CPU
		{DF435856-BFEE-4A5A-8D76-F2E611969944}.Debug|Any CPU.ActiveCfg = Debug|Any CPU
		{DF435856-BFEE-4A5A-8D76-F2E611969944}.Debug|Any CPU.Build.0 = Debug|Any CPU
		{DF435856-BFEE-4A5A-8D76-F2E611969944}.Debug|Mixed Platforms.ActiveCfg = Debug|Any CPU
		{DF435856-BFEE-4A5A-8D76-F2E611969944}.Debug|Mixed Platforms.Build.0 = Debug|Any CPU
		{DF435856-BFEE-4A5A-8D76-F2E611969944}.Debug|x86.ActiveCfg = Debug|Any CPU
		{DF435856-BFEE-4A5A-8D76-F2E611969944}.Dev|Any CPU.ActiveCfg = Dev|Any CPU
		{DF435856-BFEE-4A5A-8D76-F2E611969944}.Dev|Any CPU.Build.0 = Dev|Any CPU
		{DF435856-BFEE-4A5A-8D76-F2E611969944}.Dev|Mixed Platforms.ActiveCfg = Dev|Any CPU
		{DF435856-BFEE-4A5A-8D76-F2E611969944}.Dev|Mixed Platforms.Build.0 = Dev|Any CPU
		{DF435856-BFEE-4A5A-8D76-F2E611969944}.Dev|x86.ActiveCfg = Dev|Any CPU
		{DF435856-BFEE-4A5A-8D76-F2E611969944}.Local|Any CPU.ActiveCfg = Local|Any CPU
		{DF435856-BFEE-4A5A-8D76-F2E611969944}.Local|Any CPU.Build.0 = Local|Any CPU
		{DF435856-BFEE-4A5A-8D76-F2E611969944}.Local|Mixed Platforms.ActiveCfg = Local|Any CPU
		{DF435856-BFEE-4A5A-8D76-F2E611969944}.Local|Mixed Platforms.Build.0 = Local|Any CPU
		{DF435856-BFEE-4A5A-8D76-F2E611969944}.Local|x86.ActiveCfg = Local|Any CPU
		{DF435856-BFEE-4A5A-8D76-F2E611969944}.Release|Any CPU.ActiveCfg = Release|Any CPU
		{DF435856-BFEE-4A5A-8D76-F2E611969944}.Release|Any CPU.Build.0 = Release|Any CPU
		{DF435856-BFEE-4A5A-8D76-F2E611969944}.Release|Mixed Platforms.ActiveCfg = Release|Any CPU
		{DF435856-BFEE-4A5A-8D76-F2E611969944}.Release|Mixed Platforms.Build.0 = Release|Any CPU
		{DF435856-BFEE-4A5A-8D76-F2E611969944}.Release|x86.ActiveCfg = Release|Any CPU
		{86E68734-1E7C-4A3C-94FF-61951A5DF68A}.Beta|Any CPU.ActiveCfg = Beta|Any CPU
		{86E68734-1E7C-4A3C-94FF-61951A5DF68A}.Beta|Any CPU.Build.0 = Beta|Any CPU
		{86E68734-1E7C-4A3C-94FF-61951A5DF68A}.Beta|Mixed Platforms.ActiveCfg = Beta|Any CPU
		{86E68734-1E7C-4A3C-94FF-61951A5DF68A}.Beta|Mixed Platforms.Build.0 = Beta|Any CPU
		{86E68734-1E7C-4A3C-94FF-61951A5DF68A}.Beta|x86.ActiveCfg = Beta|Any CPU
		{86E68734-1E7C-4A3C-94FF-61951A5DF68A}.Debug|Any CPU.ActiveCfg = Debug|Any CPU
		{86E68734-1E7C-4A3C-94FF-61951A5DF68A}.Debug|Any CPU.Build.0 = Debug|Any CPU
		{86E68734-1E7C-4A3C-94FF-61951A5DF68A}.Debug|Mixed Platforms.ActiveCfg = Debug|Any CPU
		{86E68734-1E7C-4A3C-94FF-61951A5DF68A}.Debug|Mixed Platforms.Build.0 = Debug|Any CPU
		{86E68734-1E7C-4A3C-94FF-61951A5DF68A}.Debug|x86.ActiveCfg = Debug|Any CPU
		{86E68734-1E7C-4A3C-94FF-61951A5DF68A}.Dev|Any CPU.ActiveCfg = Dev|Any CPU
		{86E68734-1E7C-4A3C-94FF-61951A5DF68A}.Dev|Any CPU.Build.0 = Dev|Any CPU
		{86E68734-1E7C-4A3C-94FF-61951A5DF68A}.Dev|Mixed Platforms.ActiveCfg = Dev|Any CPU
		{86E68734-1E7C-4A3C-94FF-61951A5DF68A}.Dev|Mixed Platforms.Build.0 = Dev|Any CPU
		{86E68734-1E7C-4A3C-94FF-61951A5DF68A}.Dev|x86.ActiveCfg = Dev|Any CPU
		{86E68734-1E7C-4A3C-94FF-61951A5DF68A}.Local|Any CPU.ActiveCfg = Local|Any CPU
		{86E68734-1E7C-4A3C-94FF-61951A5DF68A}.Local|Any CPU.Build.0 = Local|Any CPU
		{86E68734-1E7C-4A3C-94FF-61951A5DF68A}.Local|Mixed Platforms.ActiveCfg = Local|Any CPU
		{86E68734-1E7C-4A3C-94FF-61951A5DF68A}.Local|Mixed Platforms.Build.0 = Local|Any CPU
		{86E68734-1E7C-4A3C-94FF-61951A5DF68A}.Local|x86.ActiveCfg = Local|Any CPU
		{86E68734-1E7C-4A3C-94FF-61951A5DF68A}.Release|Any CPU.ActiveCfg = Release|Any CPU
		{86E68734-1E7C-4A3C-94FF-61951A5DF68A}.Release|Any CPU.Build.0 = Release|Any CPU
		{86E68734-1E7C-4A3C-94FF-61951A5DF68A}.Release|Mixed Platforms.ActiveCfg = Release|Any CPU
		{86E68734-1E7C-4A3C-94FF-61951A5DF68A}.Release|Mixed Platforms.Build.0 = Release|Any CPU
		{86E68734-1E7C-4A3C-94FF-61951A5DF68A}.Release|x86.ActiveCfg = Release|Any CPU
		{77F37AEC-FB67-41D3-9627-FA647BBD550F}.Beta|Any CPU.ActiveCfg = Beta|Any CPU
		{77F37AEC-FB67-41D3-9627-FA647BBD550F}.Beta|Any CPU.Build.0 = Beta|Any CPU
		{77F37AEC-FB67-41D3-9627-FA647BBD550F}.Beta|Mixed Platforms.ActiveCfg = Beta|Any CPU
		{77F37AEC-FB67-41D3-9627-FA647BBD550F}.Beta|Mixed Platforms.Build.0 = Beta|Any CPU
		{77F37AEC-FB67-41D3-9627-FA647BBD550F}.Beta|x86.ActiveCfg = Beta|Any CPU
		{77F37AEC-FB67-41D3-9627-FA647BBD550F}.Debug|Any CPU.ActiveCfg = Debug|Any CPU
		{77F37AEC-FB67-41D3-9627-FA647BBD550F}.Debug|Any CPU.Build.0 = Debug|Any CPU
		{77F37AEC-FB67-41D3-9627-FA647BBD550F}.Debug|Mixed Platforms.ActiveCfg = Debug|Any CPU
		{77F37AEC-FB67-41D3-9627-FA647BBD550F}.Debug|Mixed Platforms.Build.0 = Debug|Any CPU
		{77F37AEC-FB67-41D3-9627-FA647BBD550F}.Debug|x86.ActiveCfg = Debug|Any CPU
		{77F37AEC-FB67-41D3-9627-FA647BBD550F}.Dev|Any CPU.ActiveCfg = Dev|Any CPU
		{77F37AEC-FB67-41D3-9627-FA647BBD550F}.Dev|Any CPU.Build.0 = Dev|Any CPU
		{77F37AEC-FB67-41D3-9627-FA647BBD550F}.Dev|Mixed Platforms.ActiveCfg = Dev|Any CPU
		{77F37AEC-FB67-41D3-9627-FA647BBD550F}.Dev|Mixed Platforms.Build.0 = Dev|Any CPU
		{77F37AEC-FB67-41D3-9627-FA647BBD550F}.Dev|x86.ActiveCfg = Dev|Any CPU
		{77F37AEC-FB67-41D3-9627-FA647BBD550F}.Local|Any CPU.ActiveCfg = Local|Any CPU
		{77F37AEC-FB67-41D3-9627-FA647BBD550F}.Local|Any CPU.Build.0 = Local|Any CPU
		{77F37AEC-FB67-41D3-9627-FA647BBD550F}.Local|Mixed Platforms.ActiveCfg = Local|Any CPU
		{77F37AEC-FB67-41D3-9627-FA647BBD550F}.Local|Mixed Platforms.Build.0 = Local|Any CPU
		{77F37AEC-FB67-41D3-9627-FA647BBD550F}.Local|x86.ActiveCfg = Local|Any CPU
		{77F37AEC-FB67-41D3-9627-FA647BBD550F}.Release|Any CPU.ActiveCfg = Release|Any CPU
		{77F37AEC-FB67-41D3-9627-FA647BBD550F}.Release|Any CPU.Build.0 = Release|Any CPU
		{77F37AEC-FB67-41D3-9627-FA647BBD550F}.Release|Mixed Platforms.ActiveCfg = Release|Any CPU
		{77F37AEC-FB67-41D3-9627-FA647BBD550F}.Release|Mixed Platforms.Build.0 = Release|Any CPU
		{77F37AEC-FB67-41D3-9627-FA647BBD550F}.Release|x86.ActiveCfg = Release|Any CPU
		{EE33A959-DEAB-4427-B787-7DAC314A9653}.Beta|Any CPU.ActiveCfg = Beta|Any CPU
		{EE33A959-DEAB-4427-B787-7DAC314A9653}.Beta|Any CPU.Build.0 = Beta|Any CPU
		{EE33A959-DEAB-4427-B787-7DAC314A9653}.Beta|Mixed Platforms.ActiveCfg = Beta|Any CPU
		{EE33A959-DEAB-4427-B787-7DAC314A9653}.Beta|Mixed Platforms.Build.0 = Beta|Any CPU
		{EE33A959-DEAB-4427-B787-7DAC314A9653}.Beta|x86.ActiveCfg = Beta|Any CPU
		{EE33A959-DEAB-4427-B787-7DAC314A9653}.Debug|Any CPU.ActiveCfg = Debug|Any CPU
		{EE33A959-DEAB-4427-B787-7DAC314A9653}.Debug|Any CPU.Build.0 = Debug|Any CPU
		{EE33A959-DEAB-4427-B787-7DAC314A9653}.Debug|Mixed Platforms.ActiveCfg = Debug|Any CPU
		{EE33A959-DEAB-4427-B787-7DAC314A9653}.Debug|Mixed Platforms.Build.0 = Debug|Any CPU
		{EE33A959-DEAB-4427-B787-7DAC314A9653}.Debug|x86.ActiveCfg = Debug|Any CPU
		{EE33A959-DEAB-4427-B787-7DAC314A9653}.Dev|Any CPU.ActiveCfg = Dev|Any CPU
		{EE33A959-DEAB-4427-B787-7DAC314A9653}.Dev|Any CPU.Build.0 = Dev|Any CPU
		{EE33A959-DEAB-4427-B787-7DAC314A9653}.Dev|Mixed Platforms.ActiveCfg = Dev|Any CPU
		{EE33A959-DEAB-4427-B787-7DAC314A9653}.Dev|Mixed Platforms.Build.0 = Dev|Any CPU
		{EE33A959-DEAB-4427-B787-7DAC314A9653}.Dev|x86.ActiveCfg = Dev|Any CPU
		{EE33A959-DEAB-4427-B787-7DAC314A9653}.Local|Any CPU.ActiveCfg = Local|Any CPU
		{EE33A959-DEAB-4427-B787-7DAC314A9653}.Local|Any CPU.Build.0 = Local|Any CPU
		{EE33A959-DEAB-4427-B787-7DAC314A9653}.Local|Mixed Platforms.ActiveCfg = Local|Any CPU
		{EE33A959-DEAB-4427-B787-7DAC314A9653}.Local|Mixed Platforms.Build.0 = Local|Any CPU
		{EE33A959-DEAB-4427-B787-7DAC314A9653}.Local|x86.ActiveCfg = Local|Any CPU
		{EE33A959-DEAB-4427-B787-7DAC314A9653}.Release|Any CPU.ActiveCfg = Release|Any CPU
		{EE33A959-DEAB-4427-B787-7DAC314A9653}.Release|Any CPU.Build.0 = Release|Any CPU
		{EE33A959-DEAB-4427-B787-7DAC314A9653}.Release|Mixed Platforms.ActiveCfg = Release|Any CPU
		{EE33A959-DEAB-4427-B787-7DAC314A9653}.Release|Mixed Platforms.Build.0 = Release|Any CPU
		{EE33A959-DEAB-4427-B787-7DAC314A9653}.Release|x86.ActiveCfg = Release|Any CPU
		{E278ABE8-38DD-429A-A9DD-034B37BA4BEC}.Beta|Any CPU.ActiveCfg = Beta|x86
		{E278ABE8-38DD-429A-A9DD-034B37BA4BEC}.Beta|Mixed Platforms.ActiveCfg = Beta|x86
		{E278ABE8-38DD-429A-A9DD-034B37BA4BEC}.Beta|Mixed Platforms.Build.0 = Beta|x86
		{E278ABE8-38DD-429A-A9DD-034B37BA4BEC}.Beta|x86.ActiveCfg = Beta|x86
		{E278ABE8-38DD-429A-A9DD-034B37BA4BEC}.Beta|x86.Build.0 = Beta|x86
		{E278ABE8-38DD-429A-A9DD-034B37BA4BEC}.Debug|Any CPU.ActiveCfg = Debug|x86
		{E278ABE8-38DD-429A-A9DD-034B37BA4BEC}.Debug|Mixed Platforms.ActiveCfg = Debug|x86
		{E278ABE8-38DD-429A-A9DD-034B37BA4BEC}.Debug|Mixed Platforms.Build.0 = Debug|x86
		{E278ABE8-38DD-429A-A9DD-034B37BA4BEC}.Debug|x86.ActiveCfg = Debug|x86
		{E278ABE8-38DD-429A-A9DD-034B37BA4BEC}.Debug|x86.Build.0 = Debug|x86
		{E278ABE8-38DD-429A-A9DD-034B37BA4BEC}.Dev|Any CPU.ActiveCfg = Dev|x86
		{E278ABE8-38DD-429A-A9DD-034B37BA4BEC}.Dev|Mixed Platforms.ActiveCfg = Dev|x86
		{E278ABE8-38DD-429A-A9DD-034B37BA4BEC}.Dev|Mixed Platforms.Build.0 = Dev|x86
		{E278ABE8-38DD-429A-A9DD-034B37BA4BEC}.Dev|x86.ActiveCfg = Dev|x86
		{E278ABE8-38DD-429A-A9DD-034B37BA4BEC}.Dev|x86.Build.0 = Dev|x86
		{E278ABE8-38DD-429A-A9DD-034B37BA4BEC}.Local|Any CPU.ActiveCfg = Local|x86
		{E278ABE8-38DD-429A-A9DD-034B37BA4BEC}.Local|Mixed Platforms.ActiveCfg = Local|x86
		{E278ABE8-38DD-429A-A9DD-034B37BA4BEC}.Local|Mixed Platforms.Build.0 = Local|x86
		{E278ABE8-38DD-429A-A9DD-034B37BA4BEC}.Local|x86.ActiveCfg = Local|x86
		{E278ABE8-38DD-429A-A9DD-034B37BA4BEC}.Local|x86.Build.0 = Local|x86
		{E278ABE8-38DD-429A-A9DD-034B37BA4BEC}.Release|Any CPU.ActiveCfg = Release|x86
		{E278ABE8-38DD-429A-A9DD-034B37BA4BEC}.Release|Mixed Platforms.ActiveCfg = Release|x86
		{E278ABE8-38DD-429A-A9DD-034B37BA4BEC}.Release|Mixed Platforms.Build.0 = Release|x86
		{E278ABE8-38DD-429A-A9DD-034B37BA4BEC}.Release|x86.ActiveCfg = Release|x86
		{E278ABE8-38DD-429A-A9DD-034B37BA4BEC}.Release|x86.Build.0 = Release|x86
		{E320FCE4-6D4A-4923-A00F-3ADF3DB676B4}.Beta|Any CPU.ActiveCfg = Beta
		{E320FCE4-6D4A-4923-A00F-3ADF3DB676B4}.Beta|Mixed Platforms.ActiveCfg = Beta
		{E320FCE4-6D4A-4923-A00F-3ADF3DB676B4}.Beta|x86.ActiveCfg = Beta
		{E320FCE4-6D4A-4923-A00F-3ADF3DB676B4}.Beta|x86.Build.0 = Beta
		{E320FCE4-6D4A-4923-A00F-3ADF3DB676B4}.Debug|Any CPU.ActiveCfg = Debug
		{E320FCE4-6D4A-4923-A00F-3ADF3DB676B4}.Debug|Mixed Platforms.ActiveCfg = Debug
		{E320FCE4-6D4A-4923-A00F-3ADF3DB676B4}.Debug|x86.ActiveCfg = Debug
		{E320FCE4-6D4A-4923-A00F-3ADF3DB676B4}.Dev|Any CPU.ActiveCfg = Dev
		{E320FCE4-6D4A-4923-A00F-3ADF3DB676B4}.Dev|Mixed Platforms.ActiveCfg = Dev
		{E320FCE4-6D4A-4923-A00F-3ADF3DB676B4}.Dev|Mixed Platforms.Build.0 = Dev
		{E320FCE4-6D4A-4923-A00F-3ADF3DB676B4}.Dev|x86.ActiveCfg = Dev
		{E320FCE4-6D4A-4923-A00F-3ADF3DB676B4}.Dev|x86.Build.0 = Dev
		{E320FCE4-6D4A-4923-A00F-3ADF3DB676B4}.Local|Any CPU.ActiveCfg = Local
		{E320FCE4-6D4A-4923-A00F-3ADF3DB676B4}.Local|Mixed Platforms.ActiveCfg = Local
		{E320FCE4-6D4A-4923-A00F-3ADF3DB676B4}.Local|Mixed Platforms.Build.0 = Local
		{E320FCE4-6D4A-4923-A00F-3ADF3DB676B4}.Local|x86.ActiveCfg = Local
		{E320FCE4-6D4A-4923-A00F-3ADF3DB676B4}.Local|x86.Build.0 = Local
		{E320FCE4-6D4A-4923-A00F-3ADF3DB676B4}.Release|Any CPU.ActiveCfg = Release
		{E320FCE4-6D4A-4923-A00F-3ADF3DB676B4}.Release|Mixed Platforms.ActiveCfg = Release
		{E320FCE4-6D4A-4923-A00F-3ADF3DB676B4}.Release|x86.ActiveCfg = Release
		{7448AEBC-185F-467D-BF79-AC6A7AE3EA60}.Beta|Any CPU.ActiveCfg = Beta|Any CPU
		{7448AEBC-185F-467D-BF79-AC6A7AE3EA60}.Beta|Any CPU.Build.0 = Beta|Any CPU
		{7448AEBC-185F-467D-BF79-AC6A7AE3EA60}.Beta|Mixed Platforms.ActiveCfg = Beta|Any CPU
		{7448AEBC-185F-467D-BF79-AC6A7AE3EA60}.Beta|Mixed Platforms.Build.0 = Beta|Any CPU
		{7448AEBC-185F-467D-BF79-AC6A7AE3EA60}.Beta|x86.ActiveCfg = Beta|Any CPU
		{7448AEBC-185F-467D-BF79-AC6A7AE3EA60}.Debug|Any CPU.ActiveCfg = Debug|Any CPU
		{7448AEBC-185F-467D-BF79-AC6A7AE3EA60}.Debug|Any CPU.Build.0 = Debug|Any CPU
		{7448AEBC-185F-467D-BF79-AC6A7AE3EA60}.Debug|Mixed Platforms.ActiveCfg = Debug|Any CPU
		{7448AEBC-185F-467D-BF79-AC6A7AE3EA60}.Debug|Mixed Platforms.Build.0 = Debug|Any CPU
		{7448AEBC-185F-467D-BF79-AC6A7AE3EA60}.Debug|x86.ActiveCfg = Debug|Any CPU
		{7448AEBC-185F-467D-BF79-AC6A7AE3EA60}.Dev|Any CPU.ActiveCfg = Dev|Any CPU
		{7448AEBC-185F-467D-BF79-AC6A7AE3EA60}.Dev|Any CPU.Build.0 = Dev|Any CPU
		{7448AEBC-185F-467D-BF79-AC6A7AE3EA60}.Dev|Mixed Platforms.ActiveCfg = Dev|Any CPU
		{7448AEBC-185F-467D-BF79-AC6A7AE3EA60}.Dev|Mixed Platforms.Build.0 = Dev|Any CPU
		{7448AEBC-185F-467D-BF79-AC6A7AE3EA60}.Dev|x86.ActiveCfg = Dev|Any CPU
		{7448AEBC-185F-467D-BF79-AC6A7AE3EA60}.Local|Any CPU.ActiveCfg = Local|Any CPU
		{7448AEBC-185F-467D-BF79-AC6A7AE3EA60}.Local|Any CPU.Build.0 = Local|Any CPU
		{7448AEBC-185F-467D-BF79-AC6A7AE3EA60}.Local|Mixed Platforms.ActiveCfg = Local|Any CPU
		{7448AEBC-185F-467D-BF79-AC6A7AE3EA60}.Local|Mixed Platforms.Build.0 = Local|Any CPU
		{7448AEBC-185F-467D-BF79-AC6A7AE3EA60}.Local|x86.ActiveCfg = Local|Any CPU
		{7448AEBC-185F-467D-BF79-AC6A7AE3EA60}.Release|Any CPU.ActiveCfg = Release|Any CPU
		{7448AEBC-185F-467D-BF79-AC6A7AE3EA60}.Release|Any CPU.Build.0 = Release|Any CPU
		{7448AEBC-185F-467D-BF79-AC6A7AE3EA60}.Release|Mixed Platforms.ActiveCfg = Release|Any CPU
		{7448AEBC-185F-467D-BF79-AC6A7AE3EA60}.Release|Mixed Platforms.Build.0 = Release|Any CPU
		{7448AEBC-185F-467D-BF79-AC6A7AE3EA60}.Release|x86.ActiveCfg = Release|Any CPU
		{C970BE42-645C-4080-A335-5ABD0B453211}.Beta|Any CPU.ActiveCfg = Beta|Any CPU
		{C970BE42-645C-4080-A335-5ABD0B453211}.Beta|Any CPU.Build.0 = Beta|Any CPU
		{C970BE42-645C-4080-A335-5ABD0B453211}.Beta|Mixed Platforms.ActiveCfg = Beta|Any CPU
		{C970BE42-645C-4080-A335-5ABD0B453211}.Beta|Mixed Platforms.Build.0 = Beta|Any CPU
		{C970BE42-645C-4080-A335-5ABD0B453211}.Beta|x86.ActiveCfg = Beta|Any CPU
		{C970BE42-645C-4080-A335-5ABD0B453211}.Debug|Any CPU.ActiveCfg = Debug|Any CPU
		{C970BE42-645C-4080-A335-5ABD0B453211}.Debug|Any CPU.Build.0 = Debug|Any CPU
		{C970BE42-645C-4080-A335-5ABD0B453211}.Debug|Mixed Platforms.ActiveCfg = Debug|Any CPU
		{C970BE42-645C-4080-A335-5ABD0B453211}.Debug|Mixed Platforms.Build.0 = Debug|Any CPU
		{C970BE42-645C-4080-A335-5ABD0B453211}.Debug|x86.ActiveCfg = Debug|Any CPU
		{C970BE42-645C-4080-A335-5ABD0B453211}.Dev|Any CPU.ActiveCfg = Dev|Any CPU
		{C970BE42-645C-4080-A335-5ABD0B453211}.Dev|Any CPU.Build.0 = Dev|Any CPU
		{C970BE42-645C-4080-A335-5ABD0B453211}.Dev|Mixed Platforms.ActiveCfg = Dev|Any CPU
		{C970BE42-645C-4080-A335-5ABD0B453211}.Dev|x86.ActiveCfg = Dev|Any CPU
		{C970BE42-645C-4080-A335-5ABD0B453211}.Local|Any CPU.ActiveCfg = Local|Any CPU
		{C970BE42-645C-4080-A335-5ABD0B453211}.Local|Any CPU.Build.0 = Local|Any CPU
		{C970BE42-645C-4080-A335-5ABD0B453211}.Local|Mixed Platforms.ActiveCfg = Local|Any CPU
		{C970BE42-645C-4080-A335-5ABD0B453211}.Local|Mixed Platforms.Build.0 = Local|Any CPU
		{C970BE42-645C-4080-A335-5ABD0B453211}.Local|x86.ActiveCfg = Local|Any CPU
		{C970BE42-645C-4080-A335-5ABD0B453211}.Release|Any CPU.ActiveCfg = Release|Any CPU
		{C970BE42-645C-4080-A335-5ABD0B453211}.Release|Any CPU.Build.0 = Release|Any CPU
		{C970BE42-645C-4080-A335-5ABD0B453211}.Release|Mixed Platforms.ActiveCfg = Release|Any CPU
		{C970BE42-645C-4080-A335-5ABD0B453211}.Release|Mixed Platforms.Build.0 = Release|Any CPU
		{C970BE42-645C-4080-A335-5ABD0B453211}.Release|x86.ActiveCfg = Release|Any CPU
		{E8B63B08-C23E-4D92-87CA-961ABB9418E7}.Beta|Any CPU.ActiveCfg = Beta|Any CPU
		{E8B63B08-C23E-4D92-87CA-961ABB9418E7}.Beta|Any CPU.Build.0 = Beta|Any CPU
		{E8B63B08-C23E-4D92-87CA-961ABB9418E7}.Beta|Mixed Platforms.ActiveCfg = Beta|Any CPU
		{E8B63B08-C23E-4D92-87CA-961ABB9418E7}.Beta|Mixed Platforms.Build.0 = Beta|Any CPU
		{E8B63B08-C23E-4D92-87CA-961ABB9418E7}.Beta|x86.ActiveCfg = Beta|Any CPU
		{E8B63B08-C23E-4D92-87CA-961ABB9418E7}.Debug|Any CPU.ActiveCfg = Debug|Any CPU
		{E8B63B08-C23E-4D92-87CA-961ABB9418E7}.Debug|Any CPU.Build.0 = Debug|Any CPU
		{E8B63B08-C23E-4D92-87CA-961ABB9418E7}.Debug|Mixed Platforms.ActiveCfg = Debug|Any CPU
		{E8B63B08-C23E-4D92-87CA-961ABB9418E7}.Debug|Mixed Platforms.Build.0 = Debug|Any CPU
		{E8B63B08-C23E-4D92-87CA-961ABB9418E7}.Debug|x86.ActiveCfg = Debug|Any CPU
		{E8B63B08-C23E-4D92-87CA-961ABB9418E7}.Dev|Any CPU.ActiveCfg = Dev|Any CPU
		{E8B63B08-C23E-4D92-87CA-961ABB9418E7}.Dev|Any CPU.Build.0 = Dev|Any CPU
		{E8B63B08-C23E-4D92-87CA-961ABB9418E7}.Dev|Mixed Platforms.ActiveCfg = Dev|Any CPU
		{E8B63B08-C23E-4D92-87CA-961ABB9418E7}.Dev|x86.ActiveCfg = Dev|Any CPU
		{E8B63B08-C23E-4D92-87CA-961ABB9418E7}.Local|Any CPU.ActiveCfg = Local|Any CPU
		{E8B63B08-C23E-4D92-87CA-961ABB9418E7}.Local|Any CPU.Build.0 = Local|Any CPU
		{E8B63B08-C23E-4D92-87CA-961ABB9418E7}.Local|Mixed Platforms.ActiveCfg = Local|Any CPU
		{E8B63B08-C23E-4D92-87CA-961ABB9418E7}.Local|Mixed Platforms.Build.0 = Local|Any CPU
		{E8B63B08-C23E-4D92-87CA-961ABB9418E7}.Local|x86.ActiveCfg = Local|Any CPU
		{E8B63B08-C23E-4D92-87CA-961ABB9418E7}.Release|Any CPU.ActiveCfg = Release|Any CPU
		{E8B63B08-C23E-4D92-87CA-961ABB9418E7}.Release|Any CPU.Build.0 = Release|Any CPU
		{E8B63B08-C23E-4D92-87CA-961ABB9418E7}.Release|Mixed Platforms.ActiveCfg = Release|Any CPU
		{E8B63B08-C23E-4D92-87CA-961ABB9418E7}.Release|Mixed Platforms.Build.0 = Release|Any CPU
		{E8B63B08-C23E-4D92-87CA-961ABB9418E7}.Release|x86.ActiveCfg = Release|Any CPU
		{2916B75D-83FA-4D35-A4B7-52CEC27E457E}.Beta|Any CPU.ActiveCfg = Beta|Any CPU
		{2916B75D-83FA-4D35-A4B7-52CEC27E457E}.Beta|Any CPU.Build.0 = Beta|Any CPU
		{2916B75D-83FA-4D35-A4B7-52CEC27E457E}.Beta|Mixed Platforms.ActiveCfg = Beta|Any CPU
		{2916B75D-83FA-4D35-A4B7-52CEC27E457E}.Beta|Mixed Platforms.Build.0 = Beta|Any CPU
		{2916B75D-83FA-4D35-A4B7-52CEC27E457E}.Beta|x86.ActiveCfg = Beta|Any CPU
		{2916B75D-83FA-4D35-A4B7-52CEC27E457E}.Debug|Any CPU.ActiveCfg = Debug|Any CPU
		{2916B75D-83FA-4D35-A4B7-52CEC27E457E}.Debug|Any CPU.Build.0 = Debug|Any CPU
		{2916B75D-83FA-4D35-A4B7-52CEC27E457E}.Debug|Mixed Platforms.ActiveCfg = Debug|Any CPU
		{2916B75D-83FA-4D35-A4B7-52CEC27E457E}.Debug|Mixed Platforms.Build.0 = Debug|Any CPU
		{2916B75D-83FA-4D35-A4B7-52CEC27E457E}.Debug|x86.ActiveCfg = Debug|Any CPU
		{2916B75D-83FA-4D35-A4B7-52CEC27E457E}.Dev|Any CPU.ActiveCfg = Dev|Any CPU
		{2916B75D-83FA-4D35-A4B7-52CEC27E457E}.Dev|Any CPU.Build.0 = Dev|Any CPU
		{2916B75D-83FA-4D35-A4B7-52CEC27E457E}.Dev|Mixed Platforms.ActiveCfg = Dev|Any CPU
		{2916B75D-83FA-4D35-A4B7-52CEC27E457E}.Dev|Mixed Platforms.Build.0 = Dev|Any CPU
		{2916B75D-83FA-4D35-A4B7-52CEC27E457E}.Dev|x86.ActiveCfg = Dev|Any CPU
		{2916B75D-83FA-4D35-A4B7-52CEC27E457E}.Local|Any CPU.ActiveCfg = Local|Any CPU
		{2916B75D-83FA-4D35-A4B7-52CEC27E457E}.Local|Any CPU.Build.0 = Local|Any CPU
		{2916B75D-83FA-4D35-A4B7-52CEC27E457E}.Local|Mixed Platforms.ActiveCfg = Local|Any CPU
		{2916B75D-83FA-4D35-A4B7-52CEC27E457E}.Local|Mixed Platforms.Build.0 = Local|Any CPU
		{2916B75D-83FA-4D35-A4B7-52CEC27E457E}.Local|x86.ActiveCfg = Local|Any CPU
		{2916B75D-83FA-4D35-A4B7-52CEC27E457E}.Release|Any CPU.ActiveCfg = Release|Any CPU
		{2916B75D-83FA-4D35-A4B7-52CEC27E457E}.Release|Any CPU.Build.0 = Release|Any CPU
		{2916B75D-83FA-4D35-A4B7-52CEC27E457E}.Release|Mixed Platforms.ActiveCfg = Release|Any CPU
		{2916B75D-83FA-4D35-A4B7-52CEC27E457E}.Release|Mixed Platforms.Build.0 = Release|Any CPU
		{2916B75D-83FA-4D35-A4B7-52CEC27E457E}.Release|x86.ActiveCfg = Release|Any CPU
		{19022AF0-91DA-4EF9-9F62-D001B925ABBC}.Beta|Any CPU.ActiveCfg = Beta|Any CPU
		{19022AF0-91DA-4EF9-9F62-D001B925ABBC}.Beta|Any CPU.Build.0 = Beta|Any CPU
		{19022AF0-91DA-4EF9-9F62-D001B925ABBC}.Beta|Mixed Platforms.ActiveCfg = Beta|Any CPU
		{19022AF0-91DA-4EF9-9F62-D001B925ABBC}.Beta|Mixed Platforms.Build.0 = Beta|Any CPU
		{19022AF0-91DA-4EF9-9F62-D001B925ABBC}.Beta|x86.ActiveCfg = Beta|Any CPU
		{19022AF0-91DA-4EF9-9F62-D001B925ABBC}.Debug|Any CPU.ActiveCfg = Debug|Any CPU
		{19022AF0-91DA-4EF9-9F62-D001B925ABBC}.Debug|Any CPU.Build.0 = Debug|Any CPU
		{19022AF0-91DA-4EF9-9F62-D001B925ABBC}.Debug|Mixed Platforms.ActiveCfg = Debug|Any CPU
		{19022AF0-91DA-4EF9-9F62-D001B925ABBC}.Debug|Mixed Platforms.Build.0 = Debug|Any CPU
		{19022AF0-91DA-4EF9-9F62-D001B925ABBC}.Debug|x86.ActiveCfg = Debug|Any CPU
		{19022AF0-91DA-4EF9-9F62-D001B925ABBC}.Dev|Any CPU.ActiveCfg = Dev|Any CPU
		{19022AF0-91DA-4EF9-9F62-D001B925ABBC}.Dev|Any CPU.Build.0 = Dev|Any CPU
		{19022AF0-91DA-4EF9-9F62-D001B925ABBC}.Dev|Mixed Platforms.ActiveCfg = Dev|Any CPU
		{19022AF0-91DA-4EF9-9F62-D001B925ABBC}.Dev|Mixed Platforms.Build.0 = Dev|Any CPU
		{19022AF0-91DA-4EF9-9F62-D001B925ABBC}.Dev|x86.ActiveCfg = Dev|Any CPU
		{19022AF0-91DA-4EF9-9F62-D001B925ABBC}.Local|Any CPU.ActiveCfg = Local|Any CPU
		{19022AF0-91DA-4EF9-9F62-D001B925ABBC}.Local|Any CPU.Build.0 = Local|Any CPU
		{19022AF0-91DA-4EF9-9F62-D001B925ABBC}.Local|Mixed Platforms.ActiveCfg = Local|Any CPU
		{19022AF0-91DA-4EF9-9F62-D001B925ABBC}.Local|Mixed Platforms.Build.0 = Local|Any CPU
		{19022AF0-91DA-4EF9-9F62-D001B925ABBC}.Local|x86.ActiveCfg = Local|Any CPU
		{19022AF0-91DA-4EF9-9F62-D001B925ABBC}.Release|Any CPU.ActiveCfg = Release|Any CPU
		{19022AF0-91DA-4EF9-9F62-D001B925ABBC}.Release|Any CPU.Build.0 = Release|Any CPU
		{19022AF0-91DA-4EF9-9F62-D001B925ABBC}.Release|Mixed Platforms.ActiveCfg = Release|Any CPU
		{19022AF0-91DA-4EF9-9F62-D001B925ABBC}.Release|Mixed Platforms.Build.0 = Release|Any CPU
		{19022AF0-91DA-4EF9-9F62-D001B925ABBC}.Release|x86.ActiveCfg = Release|Any CPU
		{C9BA96E4-D78E-4BCF-B981-096DB21D0F1D}.Beta|Any CPU.ActiveCfg = Release|Any CPU
		{C9BA96E4-D78E-4BCF-B981-096DB21D0F1D}.Beta|Any CPU.Build.0 = Release|Any CPU
		{C9BA96E4-D78E-4BCF-B981-096DB21D0F1D}.Beta|Mixed Platforms.ActiveCfg = Dev|Any CPU
		{C9BA96E4-D78E-4BCF-B981-096DB21D0F1D}.Beta|Mixed Platforms.Build.0 = Dev|Any CPU
		{C9BA96E4-D78E-4BCF-B981-096DB21D0F1D}.Beta|x86.ActiveCfg = Release|Any CPU
		{C9BA96E4-D78E-4BCF-B981-096DB21D0F1D}.Debug|Any CPU.ActiveCfg = Debug|Any CPU
		{C9BA96E4-D78E-4BCF-B981-096DB21D0F1D}.Debug|Any CPU.Build.0 = Debug|Any CPU
		{C9BA96E4-D78E-4BCF-B981-096DB21D0F1D}.Debug|Mixed Platforms.ActiveCfg = Debug|Any CPU
		{C9BA96E4-D78E-4BCF-B981-096DB21D0F1D}.Debug|Mixed Platforms.Build.0 = Debug|Any CPU
		{C9BA96E4-D78E-4BCF-B981-096DB21D0F1D}.Debug|x86.ActiveCfg = Debug|Any CPU
		{C9BA96E4-D78E-4BCF-B981-096DB21D0F1D}.Dev|Any CPU.ActiveCfg = Debug|Any CPU
		{C9BA96E4-D78E-4BCF-B981-096DB21D0F1D}.Dev|Any CPU.Build.0 = Debug|Any CPU
		{C9BA96E4-D78E-4BCF-B981-096DB21D0F1D}.Dev|Mixed Platforms.ActiveCfg = Dev|Any CPU
		{C9BA96E4-D78E-4BCF-B981-096DB21D0F1D}.Dev|Mixed Platforms.Build.0 = Dev|Any CPU
		{C9BA96E4-D78E-4BCF-B981-096DB21D0F1D}.Dev|x86.ActiveCfg = Debug|Any CPU
		{C9BA96E4-D78E-4BCF-B981-096DB21D0F1D}.Local|Any CPU.ActiveCfg = Release|Any CPU
		{C9BA96E4-D78E-4BCF-B981-096DB21D0F1D}.Local|Any CPU.Build.0 = Release|Any CPU
		{C9BA96E4-D78E-4BCF-B981-096DB21D0F1D}.Local|Mixed Platforms.ActiveCfg = Release|Any CPU
		{C9BA96E4-D78E-4BCF-B981-096DB21D0F1D}.Local|Mixed Platforms.Build.0 = Release|Any CPU
		{C9BA96E4-D78E-4BCF-B981-096DB21D0F1D}.Local|x86.ActiveCfg = Release|Any CPU
		{C9BA96E4-D78E-4BCF-B981-096DB21D0F1D}.Release|Any CPU.ActiveCfg = Release|Any CPU
		{C9BA96E4-D78E-4BCF-B981-096DB21D0F1D}.Release|Any CPU.Build.0 = Release|Any CPU
		{C9BA96E4-D78E-4BCF-B981-096DB21D0F1D}.Release|Mixed Platforms.ActiveCfg = Release|Any CPU
		{C9BA96E4-D78E-4BCF-B981-096DB21D0F1D}.Release|Mixed Platforms.Build.0 = Release|Any CPU
		{C9BA96E4-D78E-4BCF-B981-096DB21D0F1D}.Release|x86.ActiveCfg = Release|Any CPU
		{6DE917EB-B9DD-4F2B-BA78-CFCDE45345DD}.Beta|Any CPU.ActiveCfg = Release|Any CPU
		{6DE917EB-B9DD-4F2B-BA78-CFCDE45345DD}.Beta|Any CPU.Build.0 = Release|Any CPU
		{6DE917EB-B9DD-4F2B-BA78-CFCDE45345DD}.Beta|Mixed Platforms.ActiveCfg = Release|Any CPU
		{6DE917EB-B9DD-4F2B-BA78-CFCDE45345DD}.Beta|Mixed Platforms.Build.0 = Release|Any CPU
		{6DE917EB-B9DD-4F2B-BA78-CFCDE45345DD}.Beta|x86.ActiveCfg = Release|Any CPU
		{6DE917EB-B9DD-4F2B-BA78-CFCDE45345DD}.Debug|Any CPU.ActiveCfg = Debug|Any CPU
		{6DE917EB-B9DD-4F2B-BA78-CFCDE45345DD}.Debug|Any CPU.Build.0 = Debug|Any CPU
		{6DE917EB-B9DD-4F2B-BA78-CFCDE45345DD}.Debug|Mixed Platforms.ActiveCfg = Debug|Any CPU
		{6DE917EB-B9DD-4F2B-BA78-CFCDE45345DD}.Debug|Mixed Platforms.Build.0 = Debug|Any CPU
		{6DE917EB-B9DD-4F2B-BA78-CFCDE45345DD}.Debug|x86.ActiveCfg = Debug|Any CPU
		{6DE917EB-B9DD-4F2B-BA78-CFCDE45345DD}.Dev|Any CPU.ActiveCfg = Debug|Any CPU
		{6DE917EB-B9DD-4F2B-BA78-CFCDE45345DD}.Dev|Any CPU.Build.0 = Debug|Any CPU
		{6DE917EB-B9DD-4F2B-BA78-CFCDE45345DD}.Dev|Mixed Platforms.ActiveCfg = Debug|Any CPU
		{6DE917EB-B9DD-4F2B-BA78-CFCDE45345DD}.Dev|Mixed Platforms.Build.0 = Debug|Any CPU
		{6DE917EB-B9DD-4F2B-BA78-CFCDE45345DD}.Dev|x86.ActiveCfg = Debug|Any CPU
		{6DE917EB-B9DD-4F2B-BA78-CFCDE45345DD}.Local|Any CPU.ActiveCfg = Release|Any CPU
		{6DE917EB-B9DD-4F2B-BA78-CFCDE45345DD}.Local|Any CPU.Build.0 = Release|Any CPU
		{6DE917EB-B9DD-4F2B-BA78-CFCDE45345DD}.Local|Mixed Platforms.ActiveCfg = Release|Any CPU
		{6DE917EB-B9DD-4F2B-BA78-CFCDE45345DD}.Local|Mixed Platforms.Build.0 = Release|Any CPU
		{6DE917EB-B9DD-4F2B-BA78-CFCDE45345DD}.Local|x86.ActiveCfg = Release|Any CPU
		{6DE917EB-B9DD-4F2B-BA78-CFCDE45345DD}.Release|Any CPU.ActiveCfg = Release|Any CPU
		{6DE917EB-B9DD-4F2B-BA78-CFCDE45345DD}.Release|Any CPU.Build.0 = Release|Any CPU
		{6DE917EB-B9DD-4F2B-BA78-CFCDE45345DD}.Release|Mixed Platforms.ActiveCfg = Release|Any CPU
		{6DE917EB-B9DD-4F2B-BA78-CFCDE45345DD}.Release|Mixed Platforms.Build.0 = Release|Any CPU
		{6DE917EB-B9DD-4F2B-BA78-CFCDE45345DD}.Release|x86.ActiveCfg = Release|Any CPU
		{57B6CFD0-F234-49BD-B617-01E4B553C624}.Beta|Any CPU.ActiveCfg = Release|Any CPU
		{57B6CFD0-F234-49BD-B617-01E4B553C624}.Beta|Any CPU.Build.0 = Release|Any CPU
		{57B6CFD0-F234-49BD-B617-01E4B553C624}.Beta|Mixed Platforms.ActiveCfg = Dev|Any CPU
		{57B6CFD0-F234-49BD-B617-01E4B553C624}.Beta|Mixed Platforms.Build.0 = Dev|Any CPU
		{57B6CFD0-F234-49BD-B617-01E4B553C624}.Beta|x86.ActiveCfg = Release|Any CPU
		{57B6CFD0-F234-49BD-B617-01E4B553C624}.Debug|Any CPU.ActiveCfg = Debug|Any CPU
		{57B6CFD0-F234-49BD-B617-01E4B553C624}.Debug|Any CPU.Build.0 = Debug|Any CPU
		{57B6CFD0-F234-49BD-B617-01E4B553C624}.Debug|Mixed Platforms.ActiveCfg = Debug|Any CPU
		{57B6CFD0-F234-49BD-B617-01E4B553C624}.Debug|Mixed Platforms.Build.0 = Debug|Any CPU
		{57B6CFD0-F234-49BD-B617-01E4B553C624}.Debug|x86.ActiveCfg = Debug|Any CPU
		{57B6CFD0-F234-49BD-B617-01E4B553C624}.Dev|Any CPU.ActiveCfg = Debug|Any CPU
		{57B6CFD0-F234-49BD-B617-01E4B553C624}.Dev|Any CPU.Build.0 = Debug|Any CPU
		{57B6CFD0-F234-49BD-B617-01E4B553C624}.Dev|Mixed Platforms.ActiveCfg = Dev|Any CPU
		{57B6CFD0-F234-49BD-B617-01E4B553C624}.Dev|Mixed Platforms.Build.0 = Dev|Any CPU
		{57B6CFD0-F234-49BD-B617-01E4B553C624}.Dev|x86.ActiveCfg = Debug|Any CPU
		{57B6CFD0-F234-49BD-B617-01E4B553C624}.Local|Any CPU.ActiveCfg = Release|Any CPU
		{57B6CFD0-F234-49BD-B617-01E4B553C624}.Local|Any CPU.Build.0 = Release|Any CPU
		{57B6CFD0-F234-49BD-B617-01E4B553C624}.Local|Mixed Platforms.ActiveCfg = Release|Any CPU
		{57B6CFD0-F234-49BD-B617-01E4B553C624}.Local|Mixed Platforms.Build.0 = Release|Any CPU
		{57B6CFD0-F234-49BD-B617-01E4B553C624}.Local|x86.ActiveCfg = Release|Any CPU
		{57B6CFD0-F234-49BD-B617-01E4B553C624}.Release|Any CPU.ActiveCfg = Release|Any CPU
		{57B6CFD0-F234-49BD-B617-01E4B553C624}.Release|Any CPU.Build.0 = Release|Any CPU
		{57B6CFD0-F234-49BD-B617-01E4B553C624}.Release|Mixed Platforms.ActiveCfg = Release|Any CPU
		{57B6CFD0-F234-49BD-B617-01E4B553C624}.Release|Mixed Platforms.Build.0 = Release|Any CPU
		{57B6CFD0-F234-49BD-B617-01E4B553C624}.Release|x86.ActiveCfg = Release|Any CPU
		{7C2DBDCF-2D31-491E-8C27-AC75372BFFDC}.Beta|Any CPU.ActiveCfg = Release|Any CPU
		{7C2DBDCF-2D31-491E-8C27-AC75372BFFDC}.Beta|Any CPU.Build.0 = Release|Any CPU
		{7C2DBDCF-2D31-491E-8C27-AC75372BFFDC}.Beta|Mixed Platforms.ActiveCfg = Release|Any CPU
		{7C2DBDCF-2D31-491E-8C27-AC75372BFFDC}.Beta|Mixed Platforms.Build.0 = Release|Any CPU
		{7C2DBDCF-2D31-491E-8C27-AC75372BFFDC}.Beta|x86.ActiveCfg = Release|Any CPU
		{7C2DBDCF-2D31-491E-8C27-AC75372BFFDC}.Debug|Any CPU.ActiveCfg = Debug|Any CPU
		{7C2DBDCF-2D31-491E-8C27-AC75372BFFDC}.Debug|Any CPU.Build.0 = Debug|Any CPU
		{7C2DBDCF-2D31-491E-8C27-AC75372BFFDC}.Debug|Mixed Platforms.ActiveCfg = Debug|Any CPU
		{7C2DBDCF-2D31-491E-8C27-AC75372BFFDC}.Debug|Mixed Platforms.Build.0 = Debug|Any CPU
		{7C2DBDCF-2D31-491E-8C27-AC75372BFFDC}.Debug|x86.ActiveCfg = Debug|Any CPU
		{7C2DBDCF-2D31-491E-8C27-AC75372BFFDC}.Dev|Any CPU.ActiveCfg = Debug|Any CPU
		{7C2DBDCF-2D31-491E-8C27-AC75372BFFDC}.Dev|Any CPU.Build.0 = Debug|Any CPU
		{7C2DBDCF-2D31-491E-8C27-AC75372BFFDC}.Dev|Mixed Platforms.ActiveCfg = Debug|Any CPU
		{7C2DBDCF-2D31-491E-8C27-AC75372BFFDC}.Dev|Mixed Platforms.Build.0 = Debug|Any CPU
		{7C2DBDCF-2D31-491E-8C27-AC75372BFFDC}.Dev|x86.ActiveCfg = Debug|Any CPU
		{7C2DBDCF-2D31-491E-8C27-AC75372BFFDC}.Local|Any CPU.ActiveCfg = Release|Any CPU
		{7C2DBDCF-2D31-491E-8C27-AC75372BFFDC}.Local|Any CPU.Build.0 = Release|Any CPU
		{7C2DBDCF-2D31-491E-8C27-AC75372BFFDC}.Local|Mixed Platforms.ActiveCfg = Release|Any CPU
		{7C2DBDCF-2D31-491E-8C27-AC75372BFFDC}.Local|Mixed Platforms.Build.0 = Release|Any CPU
		{7C2DBDCF-2D31-491E-8C27-AC75372BFFDC}.Local|x86.ActiveCfg = Release|Any CPU
		{7C2DBDCF-2D31-491E-8C27-AC75372BFFDC}.Release|Any CPU.ActiveCfg = Release|Any CPU
		{7C2DBDCF-2D31-491E-8C27-AC75372BFFDC}.Release|Any CPU.Build.0 = Release|Any CPU
		{7C2DBDCF-2D31-491E-8C27-AC75372BFFDC}.Release|Mixed Platforms.ActiveCfg = Release|Any CPU
		{7C2DBDCF-2D31-491E-8C27-AC75372BFFDC}.Release|Mixed Platforms.Build.0 = Release|Any CPU
		{7C2DBDCF-2D31-491E-8C27-AC75372BFFDC}.Release|x86.ActiveCfg = Release|Any CPU
	EndGlobalSection
	GlobalSection(SolutionProperties) = preSolution
		HideSolutionNode = FALSE
	EndGlobalSection
EndGlobal
